{
  "version": 4,
  "terraform_version": "1.15.8",
  "serial": 427,
  "lineage": "e40f759f-f7f1-6167-eae8-034d99062580",
  "outputs": {
    "app_tier_private_ip": {
      "value": "10.0.2.10",
      "type": "string"
    },
    "key_vault_name": {
      "value": "kv-bookapp-c66wom",
      "type": "string"
    },
    "postgresql_fqdn": {
      "value": "psql-bookreview-c66wom.postgres.database.azure.com",
      "type": "string"
    },
    "public_app_url": {
      "value": "http://20.198.67.76",
      "type": "string"
    },
    "public_entrypoint_ip": {
      "value": "20.198.67.76",
      "type": "string"
    },
    "resource_group_name": {
      "value": "rg-bookreview-prod",
      "type": "string"
    },
    "web_tier_private_ip": {
      "value": "10.0.1.4",
      "type": "string"
    }
  },
  "resources": [
    {
      "mode": "data",
      "type": "azurerm_client_config",
      "name": "current",
      "provider": "provider[\"registry.terraform.io/hashicorp/azurerm\"]",
      "instances": [
        {
          "schema_version": 0,
          "attributes": {
            "client_id": "04b07795-8ddb-461a-bbee-02f9e1bf7b46",
            "id": "Y2xpZW50Q29uZmlncy9jbGllbnRJZD0wNGIwNzc5NS04ZGRiLTQ2MWEtYmJlZS0wMmY5ZTFiZjdiNDY7b2JqZWN0SWQ9NWM2NjBmZjktYzYxZC00OTc2LTkwNGQtMDYzM2MxZmRlN2I3O3N1YnNjcmlwdGlvbklkPWJhMWRlNzU4LTI3MGItNDVkMC1hNjI3LWNkMDVlOTRlZjM5Zjt0ZW5hbnRJZD02NDY0MDc0Mi04Mzk0LTQyMDUtYmNjNC05NDU5Y2EwZGQ0OWE=",
            "object_id": "5c660ff9-c61d-4976-904d-0633c1fde7b7",
            "subscription_id": "ba1de758-270b-45d0-a627-cd05e94ef39f",
            "tenant_id": "64640742-8394-4205-bcc4-9459ca0dd49a",
            "timeouts": null
          },
          "sensitive_attributes": [],
          "identity_schema_version": 0
        }
      ]
    },
    {
      "mode": "managed",
      "type": "azurerm_application_gateway",
      "name": "appgw",
      "provider": "provider[\"registry.terraform.io/hashicorp/azurerm\"]",
      "instances": [
        {
          "schema_version": 0,
          "attributes": {
            "authentication_certificate": [],
            "autoscale_configuration": [],
            "backend_address_pool": [
              {
                "fqdns": [],
                "id": "/subscriptions/ba1de758-270b-45d0-a627-cd05e94ef39f/resourceGroups/rg-bookreview-prod/providers/Microsoft.Network/applicationGateways/appgw-bookreview/backendAddressPools/web-backend-pool",
                "ip_addresses": [
                  "10.0.2.10"
                ],
                "name": "web-backend-pool"
              }
            ],
            "backend_http_settings": [
              {
                "affinity_cookie_name": "",
                "authentication_certificate": [],
                "connection_draining": [],
                "cookie_based_affinity": "Disabled",
                "host_name": "",
                "id": "/subscriptions/ba1de758-270b-45d0-a627-cd05e94ef39f/resourceGroups/rg-bookreview-prod/providers/Microsoft.Network/applicationGateways/appgw-bookreview/backendHttpSettingsCollection/http-setting",
                "name": "http-setting",
                "path": "",
                "pick_host_name_from_backend_address": true,
                "port": 5000,
                "probe_id": "/subscriptions/ba1de758-270b-45d0-a627-cd05e94ef39f/resourceGroups/rg-bookreview-prod/providers/Microsoft.Network/applicationGateways/appgw-bookreview/probes/health-probe",
                "probe_name": "health-probe",
                "protocol": "Http",
                "request_timeout": 30,
                "trusted_root_certificate_names": []
              }
            ],
            "custom_error_configuration": [],
            "enable_http2": false,
            "fips_enabled": false,
            "firewall_policy_id": "",
            "force_firewall_policy_association": false,
            "frontend_ip_configuration": [
              {
                "id": "/subscriptions/ba1de758-270b-45d0-a627-cd05e94ef39f/resourceGroups/rg-bookreview-prod/providers/Microsoft.Network/applicationGateways/appgw-bookreview/frontendIPConfigurations/frontend-ip-config",
                "name": "frontend-ip-config",
                "private_ip_address": "",
                "private_ip_address_allocation": "Dynamic",
                "private_link_configuration_id": "",
                "private_link_configuration_name": "",
                "public_ip_address_id": "/subscriptions/ba1de758-270b-45d0-a627-cd05e94ef39f/resourceGroups/rg-bookreview-prod/providers/Microsoft.Network/publicIPAddresses/pip-appgw",
                "subnet_id": ""
              }
            ],
            "frontend_port": [
              {
                "id": "/subscriptions/ba1de758-270b-45d0-a627-cd05e94ef39f/resourceGroups/rg-bookreview-prod/providers/Microsoft.Network/applicationGateways/appgw-bookreview/frontendPorts/http-port",
                "name": "http-port",
                "port": 80
              }
            ],
            "gateway_ip_configuration": [
              {
                "id": "/subscriptions/ba1de758-270b-45d0-a627-cd05e94ef39f/resourceGroups/rg-bookreview-prod/providers/Microsoft.Network/applicationGateways/appgw-bookreview/gatewayIPConfigurations/appgw-ip-config",
                "name": "appgw-ip-config",
                "subnet_id": "/subscriptions/ba1de758-270b-45d0-a627-cd05e94ef39f/resourceGroups/rg-bookreview-prod/providers/Microsoft.Network/virtualNetworks/vnet-bookreview-prod/subnets/snet-appgw"
              }
            ],
            "global": [],
            "http_listener": [
              {
                "custom_error_configuration": [],
                "firewall_policy_id": "",
                "frontend_ip_configuration_id": "/subscriptions/ba1de758-270b-45d0-a627-cd05e94ef39f/resourceGroups/rg-bookreview-prod/providers/Microsoft.Network/applicationGateways/appgw-bookreview/frontendIPConfigurations/frontend-ip-config",
                "frontend_ip_configuration_name": "frontend-ip-config",
                "frontend_port_id": "/subscriptions/ba1de758-270b-45d0-a627-cd05e94ef39f/resourceGroups/rg-bookreview-prod/providers/Microsoft.Network/applicationGateways/appgw-bookreview/frontendPorts/http-port",
                "frontend_port_name": "http-port",
                "host_name": "",
                "host_names": [],
                "id": "/subscriptions/ba1de758-270b-45d0-a627-cd05e94ef39f/resourceGroups/rg-bookreview-prod/providers/Microsoft.Network/applicationGateways/appgw-bookreview/httpListeners/http-listener",
                "name": "http-listener",
                "protocol": "Http",
                "require_sni": false,
                "ssl_certificate_id": "",
                "ssl_certificate_name": "",
                "ssl_profile_id": "",
                "ssl_profile_name": ""
              }
            ],
            "id": "/subscriptions/ba1de758-270b-45d0-a627-cd05e94ef39f/resourceGroups/rg-bookreview-prod/providers/Microsoft.Network/applicationGateways/appgw-bookreview",
            "identity": [],
            "location": "centralindia",
            "name": "appgw-bookreview",
            "private_endpoint_connection": [],
            "private_link_configuration": [],
            "probe": [
              {
                "host": "",
                "id": "/subscriptions/ba1de758-270b-45d0-a627-cd05e94ef39f/resourceGroups/rg-bookreview-prod/providers/Microsoft.Network/applicationGateways/appgw-bookreview/probes/health-probe",
                "interval": 30,
                "match": [
                  {
                    "body": "",
                    "status_code": [
                      "200-399"
                    ]
                  }
                ],
                "minimum_servers": 0,
                "name": "health-probe",
                "path": "/",
                "pick_host_name_from_backend_http_settings": true,
                "port": 0,
                "protocol": "Http",
                "timeout": 30,
                "unhealthy_threshold": 3
              }
            ],
            "redirect_configuration": [],
            "request_routing_rule": [
              {
                "backend_address_pool_id": "/subscriptions/ba1de758-270b-45d0-a627-cd05e94ef39f/resourceGroups/rg-bookreview-prod/providers/Microsoft.Network/applicationGateways/appgw-bookreview/backendAddressPools/web-backend-pool",
                "backend_address_pool_name": "web-backend-pool",
                "backend_http_settings_id": "/subscriptions/ba1de758-270b-45d0-a627-cd05e94ef39f/resourceGroups/rg-bookreview-prod/providers/Microsoft.Network/applicationGateways/appgw-bookreview/backendHttpSettingsCollection/http-setting",
                "backend_http_settings_name": "http-setting",
                "http_listener_id": "/subscriptions/ba1de758-270b-45d0-a627-cd05e94ef39f/resourceGroups/rg-bookreview-prod/providers/Microsoft.Network/applicationGateways/appgw-bookreview/httpListeners/http-listener",
                "http_listener_name": "http-listener",
                "id": "/subscriptions/ba1de758-270b-45d0-a627-cd05e94ef39f/resourceGroups/rg-bookreview-prod/providers/Microsoft.Network/applicationGateways/appgw-bookreview/requestRoutingRules/routing-rule",
                "name": "routing-rule",
                "priority": 100,
                "redirect_configuration_id": "",
                "redirect_configuration_name": "",
                "rewrite_rule_set_id": "",
                "rewrite_rule_set_name": "",
                "rule_type": "Basic",
                "url_path_map_id": "",
                "url_path_map_name": ""
              }
            ],
            "resource_group_name": "rg-bookreview-prod",
            "rewrite_rule_set": [],
            "sku": [
              {
                "capacity": 1,
                "name": "Standard_v2",
                "tier": "Standard_v2"
              }
            ],
            "ssl_certificate": [],
            "ssl_policy": [
              {
                "cipher_suites": null,
                "disabled_protocols": null,
                "min_protocol_version": "",
                "policy_name": "AppGwSslPolicy20220101",
                "policy_type": "Predefined"
              }
            ],
            "ssl_profile": [],
            "tags": null,
            "timeouts": null,
            "trusted_client_certificate": [],
            "trusted_root_certificate": [],
            "url_path_map": [],
            "waf_configuration": [],
            "zones": null
          },
          "sensitive_attributes": [],
          "identity_schema_version": 0,
          "private": "eyJlMmJmYjczMC1lY2FhLTExZTYtOGY4OC0zNDM2M2JjN2M0YzAiOnsiY3JlYXRlIjo1NDAwMDAwMDAwMDAwLCJkZWxldGUiOjU0MDAwMDAwMDAwMDAsInJlYWQiOjMwMDAwMDAwMDAwMCwidXBkYXRlIjo1NDAwMDAwMDAwMDAwfX0=",
          "dependencies": [
            "azurerm_network_interface.app_nic",
            "azurerm_public_ip.appgw_pip",
            "azurerm_resource_group.rg",
            "azurerm_subnet.app_subnet",
            "azurerm_subnet.appgw_subnet",
            "azurerm_virtual_network.vnet"
          ]
        }
      ]
    },
    {
      "mode": "managed",
      "type": "azurerm_key_vault",
      "name": "kv",
      "provider": "provider[\"registry.terraform.io/hashicorp/azurerm\"]",
      "instances": [
        {
          "schema_version": 2,
          "attributes": {
            "access_policy": [
              {
                "application_id": "",
                "certificate_permissions": null,
                "key_permissions": null,
                "object_id": "5c660ff9-c61d-4976-904d-0633c1fde7b7",
                "secret_permissions": [
                  "Get",
                  "List",
                  "Set",
                  "Delete",
                  "Purge"
                ],
                "storage_permissions": null,
                "tenant_id": "64640742-8394-4205-bcc4-9459ca0dd49a"
              }
            ],
            "contact": [],
            "enable_rbac_authorization": false,
            "enabled_for_deployment": false,
            "enabled_for_disk_encryption": true,
            "enabled_for_template_deployment": false,
            "id": "/subscriptions/ba1de758-270b-45d0-a627-cd05e94ef39f/resourceGroups/rg-bookreview-prod/providers/Microsoft.KeyVault/vaults/kv-bookapp-c66wom",
            "location": "centralindia",
            "name": "kv-bookapp-c66wom",
            "network_acls": [
              {
                "bypass": "AzureServices",
                "default_action": "Allow",
                "ip_rules": [],
                "virtual_network_subnet_ids": []
              }
            ],
            "public_network_access_enabled": true,
            "purge_protection_enabled": false,
            "resource_group_name": "rg-bookreview-prod",
            "sku_name": "standard",
            "soft_delete_retention_days": 7,
            "tags": null,
            "tenant_id": "64640742-8394-4205-bcc4-9459ca0dd49a",
            "timeouts": null,
            "vault_uri": "https://kv-bookapp-c66wom.vault.azure.net/"
          },
          "sensitive_attributes": [],
          "identity_schema_version": 0,
          "private": "eyJlMmJmYjczMC1lY2FhLTExZTYtOGY4OC0zNDM2M2JjN2M0YzAiOnsiY3JlYXRlIjoxODAwMDAwMDAwMDAwLCJkZWxldGUiOjE4MDAwMDAwMDAwMDAsInJlYWQiOjMwMDAwMDAwMDAwMCwidXBkYXRlIjoxODAwMDAwMDAwMDAwfSwic2NoZW1hX3ZlcnNpb24iOiIyIn0=",
          "dependencies": [
            "azurerm_resource_group.rg",
            "data.azurerm_client_config.current",
            "random_string.suffix"
          ]
        }
      ]
    },
    {
      "mode": "managed",
      "type": "azurerm_key_vault_secret",
      "name": "db_password",
      "provider": "provider[\"registry.terraform.io/hashicorp/azurerm\"]",
      "instances": [
        {
          "schema_version": 0,
          "attributes": {
            "content_type": "",
            "expiration_date": null,
            "id": "https://kv-bookapp-c66wom.vault.azure.net/secrets/db-admin-password/8e854091cc2d4132a7373d576d8546d0",
            "key_vault_id": "/subscriptions/ba1de758-270b-45d0-a627-cd05e94ef39f/resourceGroups/rg-bookreview-prod/providers/Microsoft.KeyVault/vaults/kv-bookapp-c66wom",
            "name": "db-admin-password",
            "not_before_date": null,
            "resource_id": "/subscriptions/ba1de758-270b-45d0-a627-cd05e94ef39f/resourceGroups/rg-bookreview-prod/providers/Microsoft.KeyVault/vaults/kv-bookapp-c66wom/secrets/db-admin-password/versions/8e854091cc2d4132a7373d576d8546d0",
            "resource_versionless_id": "/subscriptions/ba1de758-270b-45d0-a627-cd05e94ef39f/resourceGroups/rg-bookreview-prod/providers/Microsoft.KeyVault/vaults/kv-bookapp-c66wom/secrets/db-admin-password",
            "tags": null,
            "timeouts": null,
            "value": "P@ssw0rd9451!#BookApp",
            "version": "8e854091cc2d4132a7373d576d8546d0",
            "versionless_id": "https://kv-bookapp-c66wom.vault.azure.net/secrets/db-admin-password"
          },
          "sensitive_attributes": [
            [
              {
                "type": "get_attr",
                "value": "value"
              }
            ]
          ],
          "identity_schema_version": 0,
          "private": "eyJlMmJmYjczMC1lY2FhLTExZTYtOGY4OC0zNDM2M2JjN2M0YzAiOnsiY3JlYXRlIjoxODAwMDAwMDAwMDAwLCJkZWxldGUiOjE4MDAwMDAwMDAwMDAsInJlYWQiOjE4MDAwMDAwMDAwMDAsInVwZGF0ZSI6MTgwMDAwMDAwMDAwMH19",
          "dependencies": [
            "azurerm_key_vault.kv",
            "azurerm_resource_group.rg",
            "data.azurerm_client_config.current",
            "random_string.suffix"
          ]
        }
      ]
    },
    {
      "mode": "managed",
      "type": "azurerm_linux_virtual_machine",
      "name": "app_vm",
      "provider": "provider[\"registry.terraform.io/hashicorp/azurerm\"]",
      "instances": [
        {
          "schema_version": 0,
          "attributes": {
            "additional_capabilities": [],
            "admin_password": "P@ssw0rd9451!#BookApp",
            "admin_ssh_key": [],
            "admin_username": "azureuser",
            "allow_extension_operations": true,
            "availability_set_id": "",
            "boot_diagnostics": [],
            "bypass_platform_safety_checks_on_user_schedule_enabled": false,
            "capacity_reservation_group_id": "",
            "computer_name": "vm-app-01",
            "custom_data": "77u/IyEvYmluL2Jhc2gKc3VkbyBhcHQtZ2V0IHVwZGF0ZSAteQpzdWRvIGFwdC1nZXQgaW5zdGFsbCAteSBweXRob24zIHB5dGhvbjMtcGlwIGdpdCBwb3N0Z3Jlc3FsLWNsaWVudCBjdXJsCgpta2RpciAtcCAvb3B0L2Jvb2tyZXZpZXctYmFja2VuZApjYXQgPDwnUFlBUFAnID4gL29wdC9ib29rcmV2aWV3LWJhY2tlbmQvYXBwLnB5CmZyb20gaHR0cC5zZXJ2ZXIgaW1wb3J0IEhUVFBTZXJ2ZXIsIEJhc2VIVFRQUmVxdWVzdEhhbmRsZXIKaW1wb3J0IGpzb24KCmNsYXNzIFNpbXBsZUhUVFBSZXF1ZXN0SGFuZGxlcihCYXNlSFRUUFJlcXVlc3RIYW5kbGVyKToKICAgIGRlZiBkb19HRVQoc2VsZik6CiAgICAgICAgaWYgc2VsZi5wYXRoID09ICcvaGVhbHRoJzoKICAgICAgICAgICAgc2VsZi5zZW5kX3Jlc3BvbnNlKDIwMCkKICAgICAgICAgICAgc2VsZi5zZW5kX2hlYWRlcignQ29udGVudC10eXBlJywgJ2FwcGxpY2F0aW9uL2pzb24nKQogICAgICAgICAgICBzZWxmLmVuZF9oZWFkZXJzKCkKICAgICAgICAgICAgc2VsZi53ZmlsZS53cml0ZShqc29uLmR1bXBzKHsic3RhdHVzIjogIlVQIiwgInRpZXIiOiAiYmFja2VuZCJ9KS5lbmNvZGUoKSkKICAgICAgICBlbHNlOgogICAgICAgICAgICBzZWxmLnNlbmRfcmVzcG9uc2UoMjAwKQogICAgICAgICAgICBzZWxmLnNlbmRfaGVhZGVyKCdDb250ZW50LXR5cGUnLCAnYXBwbGljYXRpb24vanNvbicpCiAgICAgICAgICAgIHNlbGYuZW5kX2hlYWRlcnMoKQogICAgICAgICAgICBzZWxmLndmaWxlLndyaXRlKGpzb24uZHVtcHMoeyJtZXNzYWdlIjogIkJvb2sgUmV2aWV3IEFwcCBCYWNrZW5kIEFQSSJ9KS5lbmNvZGUoKSkKCmh0dHBkID0gSFRUUFNlcnZlcigoJzAuMC4wLjAnLCA1MDAwKSwgU2ltcGxlSFRUUFJlcXVlc3RIYW5kbGVyKQpodHRwZC5zZXJ2ZV9mb3JldmVyKCkKUFlBUFAKCmNhdCA8PCdTRVJWSUNFJyA+IC9ldGMvc3lzdGVtZC9zeXN0ZW0vYm9va2FwcC5zZXJ2aWNlCltVbml0XQpEZXNjcmlwdGlvbj1Cb29rIFJldmlldyBBcHBsaWNhdGlvbiBBUEkKQWZ0ZXI9bmV0d29yay50YXJnZXQKCltTZXJ2aWNlXQpVc2VyPXVidW50dQpXb3JraW5nRGlyZWN0b3J5PS9vcHQvYm9va3Jldmlldy1iYWNrZW5kCkV4ZWNTdGFydD0vdXNyL2Jpbi9weXRob24zIC9vcHQvYm9va3Jldmlldy1iYWNrZW5kL2FwcC5weQpSZXN0YXJ0PWFsd2F5cwoKW0luc3RhbGxdCldhbnRlZEJ5PW11bHRpLXVzZXIudGFyZ2V0ClNFUlZJQ0UKCnN1ZG8gc3lzdGVtY3RsIGRhZW1vbi1yZWxvYWQKc3VkbyBzeXN0ZW1jdGwgZW5hYmxlIGJvb2thcHAKc3VkbyBzeXN0ZW1jdGwgc3RhcnQgYm9va2FwcA0K",
            "dedicated_host_group_id": "",
            "dedicated_host_id": "",
            "disable_password_authentication": false,
            "edge_zone": "",
            "encryption_at_host_enabled": false,
            "eviction_policy": "",
            "extensions_time_budget": "PT1H30M",
            "gallery_application": [],
            "id": "/subscriptions/ba1de758-270b-45d0-a627-cd05e94ef39f/resourceGroups/rg-bookreview-prod/providers/Microsoft.Compute/virtualMachines/vm-app-01",
            "identity": [],
            "license_type": "",
            "location": "centralindia",
            "max_bid_price": -1,
            "name": "vm-app-01",
            "network_interface_ids": [
              "/subscriptions/ba1de758-270b-45d0-a627-cd05e94ef39f/resourceGroups/rg-bookreview-prod/providers/Microsoft.Network/networkInterfaces/nic-app-01"
            ],
            "os_disk": [
              {
                "caching": "ReadWrite",
                "diff_disk_settings": [],
                "disk_encryption_set_id": "",
                "disk_size_gb": 30,
                "name": "vm-app-01_disk1_9382681e1c8b4fd48d13e9e8d3888620",
                "secure_vm_disk_encryption_set_id": "",
                "security_encryption_type": "",
                "storage_account_type": "Standard_LRS",
                "write_accelerator_enabled": false
              }
            ],
            "patch_assessment_mode": "ImageDefault",
            "patch_mode": "ImageDefault",
            "plan": [],
            "platform_fault_domain": -1,
            "priority": "Regular",
            "private_ip_address": "10.0.2.10",
            "private_ip_addresses": [
              "10.0.2.10"
            ],
            "provision_vm_agent": true,
            "proximity_placement_group_id": "",
            "public_ip_address": "",
            "public_ip_addresses": [],
            "reboot_setting": "",
            "resource_group_name": "rg-bookreview-prod",
            "secret": [],
            "secure_boot_enabled": false,
            "size": "Standard_B2ats_v2",
            "source_image_id": "",
            "source_image_reference": [
              {
                "offer": "0001-com-ubuntu-server-jammy",
                "publisher": "Canonical",
                "sku": "22_04-lts",
                "version": "latest"
              }
            ],
            "tags": {
              "Assignment": "Assignment-06-Three-Tier",
              "Environment": "production"
            },
            "termination_notification": null,
            "timeouts": null,
            "user_data": "",
            "virtual_machine_id": "ae940a88-1326-4991-ad56-394cd55975bd",
            "virtual_machine_scale_set_id": "",
            "vtpm_enabled": false,
            "zone": ""
          },
          "sensitive_attributes": [
            [
              {
                "type": "get_attr",
                "value": "admin_password"
              }
            ],
            [
              {
                "type": "get_attr",
                "value": "custom_data"
              }
            ]
          ],
          "identity_schema_version": 0,
          "private": "eyJlMmJmYjczMC1lY2FhLTExZTYtOGY4OC0zNDM2M2JjN2M0YzAiOnsiY3JlYXRlIjoyNzAwMDAwMDAwMDAwLCJkZWxldGUiOjI3MDAwMDAwMDAwMDAsInJlYWQiOjMwMDAwMDAwMDAwMCwidXBkYXRlIjoyNzAwMDAwMDAwMDAwfX0=",
          "dependencies": [
            "azurerm_network_interface.app_nic",
            "azurerm_resource_group.rg",
            "azurerm_subnet.app_subnet",
            "azurerm_virtual_network.vnet"
          ]
        }
      ]
    },
    {
      "mode": "managed",
      "type": "azurerm_linux_virtual_machine",
      "name": "web_vm",
      "provider": "provider[\"registry.terraform.io/hashicorp/azurerm\"]",
      "instances": [
        {
          "schema_version": 0,
          "attributes": {
            "additional_capabilities": [],
            "admin_password": "P@ssw0rd9451!#BookApp",
            "admin_ssh_key": [],
            "admin_username": "azureuser",
            "allow_extension_operations": true,
            "availability_set_id": "",
            "boot_diagnostics": [],
            "bypass_platform_safety_checks_on_user_schedule_enabled": false,
            "capacity_reservation_group_id": "",
            "computer_name": "vm-web-01",
            "custom_data": "77u/IyEvYmluL2Jhc2gKc3VkbyBhcHQtZ2V0IHVwZGF0ZSAteQpzdWRvIGFwdC1nZXQgaW5zdGFsbCAteSBuZ2lueCBjdXJsCgpzdWRvIHN5c3RlbWN0bCBlbmFibGUgbmdpbngKc3VkbyBzeXN0ZW1jdGwgc3RhcnQgbmdpbngKCnN1ZG8gY2F0IDw8J0hFQUxUSCcgPiAvdmFyL3d3dy9odG1sL2hlYWx0aC5odG1sCk9LCkhFQUxUSAoKc3VkbyBjYXQgPDwnTkdJTlgnID4gL2V0Yy9uZ2lueC9zaXRlcy1hdmFpbGFibGUvZGVmYXVsdApzZXJ2ZXIgewogICAgbGlzdGVuIDgwIGRlZmF1bHRfc2VydmVyOwogICAgbGlzdGVuIFs6Ol06ODAgZGVmYXVsdF9zZXJ2ZXI7CgogICAgcm9vdCAvdmFyL3d3dy9odG1sOwogICAgaW5kZXggaW5kZXguaHRtbCBpbmRleC5odG0gaW5kZXgubmdpbngtZGViaWFuLmh0bWw7CgogICAgc2VydmVyX25hbWUgXzsKCiAgICBsb2NhdGlvbiAvaGVhbHRoIHsKICAgICAgICBkZWZhdWx0X3R5cGUgdGV4dC9wbGFpbjsKICAgICAgICByZXR1cm4gMjAwICdoZWFsdGh5XG4nOwogICAgfQoKICAgIGxvY2F0aW9uIC9hcGkvIHsKICAgICAgICBwcm94eV9wYXNzIGh0dHA6Ly8xMC4wLjIuMTA6NTAwMC87CiAgICAgICAgcHJveHlfc2V0X2hlYWRlciBIb3N0ICRob3N0OwogICAgICAgIHByb3h5X3NldF9oZWFkZXIgWC1SZWFsLUlQICRyZW1vdGVfYWRkcjsKICAgIH0KCiAgICBsb2NhdGlvbiAvIHsKICAgICAgICB0cnlfZmlsZXMgJHVyaSAkdXJpLyA9NDA0OwogICAgfQp9Ck5HSU5YCgpzdWRvIHN5c3RlbWN0bCByZXN0YXJ0IG5naW54Cg==",
            "dedicated_host_group_id": "",
            "dedicated_host_id": "",
            "disable_password_authentication": false,
            "edge_zone": "",
            "encryption_at_host_enabled": false,
            "eviction_policy": "",
            "extensions_time_budget": "PT1H30M",
            "gallery_application": [],
            "id": "/subscriptions/ba1de758-270b-45d0-a627-cd05e94ef39f/resourceGroups/rg-bookreview-prod/providers/Microsoft.Compute/virtualMachines/vm-web-01",
            "identity": [],
            "license_type": "",
            "location": "centralindia",
            "max_bid_price": -1,
            "name": "vm-web-01",
            "network_interface_ids": [
              "/subscriptions/ba1de758-270b-45d0-a627-cd05e94ef39f/resourceGroups/rg-bookreview-prod/providers/Microsoft.Network/networkInterfaces/nic-web-01"
            ],
            "os_disk": [
              {
                "caching": "ReadWrite",
                "diff_disk_settings": [],
                "disk_encryption_set_id": "",
                "disk_size_gb": 30,
                "name": "vm-web-01_disk1_c13f08fb1ea14f1e85bf7f6138b1f111",
                "secure_vm_disk_encryption_set_id": "",
                "security_encryption_type": "",
                "storage_account_type": "Standard_LRS",
                "write_accelerator_enabled": false
              }
            ],
            "patch_assessment_mode": "ImageDefault",
            "patch_mode": "ImageDefault",
            "plan": [],
            "platform_fault_domain": -1,
            "priority": "Regular",
            "private_ip_address": "10.0.1.4",
            "private_ip_addresses": [
              "10.0.1.4"
            ],
            "provision_vm_agent": true,
            "proximity_placement_group_id": "",
            "public_ip_address": "",
            "public_ip_addresses": [],
            "reboot_setting": "",
            "resource_group_name": "rg-bookreview-prod",
            "secret": [],
            "secure_boot_enabled": false,
            "size": "Standard_B2ats_v2",
            "source_image_id": "",
            "source_image_reference": [
              {
                "offer": "0001-com-ubuntu-server-jammy",
                "publisher": "Canonical",
                "sku": "22_04-lts",
                "version": "latest"
              }
            ],
            "tags": {
              "Assignment": "Assignment-06-Three-Tier",
              "Environment": "production"
            },
            "termination_notification": null,
            "timeouts": null,
            "user_data": "",
            "virtual_machine_id": "de84578e-c3b0-4590-afe9-0d79dbfe365e",
            "virtual_machine_scale_set_id": "",
            "vtpm_enabled": false,
            "zone": ""
          },
          "sensitive_attributes": [
            [
              {
                "type": "get_attr",
                "value": "admin_password"
              }
            ],
            [
              {
                "type": "get_attr",
                "value": "custom_data"
              }
            ]
          ],
          "identity_schema_version": 0,
          "private": "eyJlMmJmYjczMC1lY2FhLTExZTYtOGY4OC0zNDM2M2JjN2M0YzAiOnsiY3JlYXRlIjoyNzAwMDAwMDAwMDAwLCJkZWxldGUiOjI3MDAwMDAwMDAwMDAsInJlYWQiOjMwMDAwMDAwMDAwMCwidXBkYXRlIjoyNzAwMDAwMDAwMDAwfX0=",
          "dependencies": [
            "azurerm_network_interface.web_nic",
            "azurerm_resource_group.rg",
            "azurerm_subnet.web_subnet",
            "azurerm_virtual_network.vnet"
          ]
        }
      ]
    },
    {
      "mode": "managed",
      "type": "azurerm_log_analytics_workspace",
      "name": "law",
      "provider": "provider[\"registry.terraform.io/hashicorp/azurerm\"]",
      "instances": [
        {
          "schema_version": 3,
          "attributes": {
            "allow_resource_only_permissions": true,
            "cmk_for_query_forced": false,
            "daily_quota_gb": -1,
            "data_collection_rule_id": "",
            "id": "/subscriptions/ba1de758-270b-45d0-a627-cd05e94ef39f/resourceGroups/rg-bookreview-prod/providers/Microsoft.OperationalInsights/workspaces/law-bookreview-c66wom",
            "identity": [],
            "immediate_data_purge_on_30_days_enabled": false,
            "internet_ingestion_enabled": true,
            "internet_query_enabled": true,
            "local_authentication_disabled": false,
            "location": "centralindia",
            "name": "law-bookreview-c66wom",
            "primary_shared_key": "ZmFM+pvjvLqs+KnNKBRrjuNFFmVfEOOYYIv38rJwxi5P8zCnkXVu4wUV4RZuxP0XNEZ/jBlLpZ2aX3sX5Q0j3w==",
            "reservation_capacity_in_gb_per_day": null,
            "resource_group_name": "rg-bookreview-prod",
            "retention_in_days": 30,
            "secondary_shared_key": "IIKq7hNq0A0KdiG4+OA331xaS4aOXJCPTvvxPlbhc6pnrNf4o4Io6dZCS3V/61A6REaB0aSwDQaCvqoJAlkaYQ==",
            "sku": "PerGB2018",
            "tags": null,
            "timeouts": null,
            "workspace_id": "960f9b27-a1ca-4d14-9f34-75c07c82b200"
          },
          "sensitive_attributes": [
            [
              {
                "type": "get_attr",
                "value": "primary_shared_key"
              }
            ],
            [
              {
                "type": "get_attr",
                "value": "secondary_shared_key"
              }
            ]
          ],
          "identity_schema_version": 0,
          "private": "eyJlMmJmYjczMC1lY2FhLTExZTYtOGY4OC0zNDM2M2JjN2M0YzAiOnsiY3JlYXRlIjoxODAwMDAwMDAwMDAwLCJkZWxldGUiOjE4MDAwMDAwMDAwMDAsInJlYWQiOjMwMDAwMDAwMDAwMCwidXBkYXRlIjoxODAwMDAwMDAwMDAwfSwic2NoZW1hX3ZlcnNpb24iOiIzIn0=",
          "dependencies": [
            "azurerm_resource_group.rg",
            "random_string.suffix"
          ]
        }
      ]
    },
    {
      "mode": "managed",
      "type": "azurerm_network_interface",
      "name": "app_nic",
      "provider": "provider[\"registry.terraform.io/hashicorp/azurerm\"]",
      "instances": [
        {
          "schema_version": 0,
          "attributes": {
            "applied_dns_servers": [],
            "auxiliary_mode": "",
            "auxiliary_sku": "",
            "dns_servers": [],
            "edge_zone": "",
            "enable_accelerated_networking": false,
            "enable_ip_forwarding": false,
            "id": "/subscriptions/ba1de758-270b-45d0-a627-cd05e94ef39f/resourceGroups/rg-bookreview-prod/providers/Microsoft.Network/networkInterfaces/nic-app-01",
            "internal_dns_name_label": "",
            "internal_domain_name_suffix": "omldswmmeveenmj4sk5uz004jg.rx.internal.cloudapp.net",
            "ip_configuration": [
              {
                "gateway_load_balancer_frontend_ip_configuration_id": "",
                "name": "internal",
                "primary": true,
                "private_ip_address": "10.0.2.10",
                "private_ip_address_allocation": "Static",
                "private_ip_address_version": "IPv4",
                "public_ip_address_id": "",
                "subnet_id": "/subscriptions/ba1de758-270b-45d0-a627-cd05e94ef39f/resourceGroups/rg-bookreview-prod/providers/Microsoft.Network/virtualNetworks/vnet-bookreview-prod/subnets/snet-app"
              }
            ],
            "location": "centralindia",
            "mac_address": "",
            "name": "nic-app-01",
            "private_ip_address": "10.0.2.10",
            "private_ip_addresses": [
              "10.0.2.10"
            ],
            "resource_group_name": "rg-bookreview-prod",
            "tags": null,
            "timeouts": null,
            "virtual_machine_id": ""
          },
          "sensitive_attributes": [],
          "identity_schema_version": 0,
          "private": "eyJlMmJmYjczMC1lY2FhLTExZTYtOGY4OC0zNDM2M2JjN2M0YzAiOnsiY3JlYXRlIjoxODAwMDAwMDAwMDAwLCJkZWxldGUiOjE4MDAwMDAwMDAwMDAsInJlYWQiOjMwMDAwMDAwMDAwMCwidXBkYXRlIjoxODAwMDAwMDAwMDAwfX0=",
          "dependencies": [
            "azurerm_resource_group.rg",
            "azurerm_subnet.app_subnet",
            "azurerm_virtual_network.vnet"
          ]
        }
      ]
    },
    {
      "mode": "managed",
      "type": "azurerm_network_interface",
      "name": "web_nic",
      "provider": "provider[\"registry.terraform.io/hashicorp/azurerm\"]",
      "instances": [
        {
          "schema_version": 0,
          "attributes": {
            "applied_dns_servers": [],
            "auxiliary_mode": "",
            "auxiliary_sku": "",
            "dns_servers": [],
            "edge_zone": "",
            "enable_accelerated_networking": false,
            "enable_ip_forwarding": false,
            "id": "/subscriptions/ba1de758-270b-45d0-a627-cd05e94ef39f/resourceGroups/rg-bookreview-prod/providers/Microsoft.Network/networkInterfaces/nic-web-01",
            "internal_dns_name_label": "",
            "internal_domain_name_suffix": "omldswmmeveenmj4sk5uz004jg.rx.internal.cloudapp.net",
            "ip_configuration": [
              {
                "gateway_load_balancer_frontend_ip_configuration_id": "",
                "name": "internal",
                "primary": true,
                "private_ip_address": "10.0.1.4",
                "private_ip_address_allocation": "Dynamic",
                "private_ip_address_version": "IPv4",
                "public_ip_address_id": "",
                "subnet_id": "/subscriptions/ba1de758-270b-45d0-a627-cd05e94ef39f/resourceGroups/rg-bookreview-prod/providers/Microsoft.Network/virtualNetworks/vnet-bookreview-prod/subnets/snet-web"
              }
            ],
            "location": "centralindia",
            "mac_address": "",
            "name": "nic-web-01",
            "private_ip_address": "10.0.1.4",
            "private_ip_addresses": [
              "10.0.1.4"
            ],
            "resource_group_name": "rg-bookreview-prod",
            "tags": null,
            "timeouts": null,
            "virtual_machine_id": ""
          },
          "sensitive_attributes": [],
          "identity_schema_version": 0,
          "private": "eyJlMmJmYjczMC1lY2FhLTExZTYtOGY4OC0zNDM2M2JjN2M0YzAiOnsiY3JlYXRlIjoxODAwMDAwMDAwMDAwLCJkZWxldGUiOjE4MDAwMDAwMDAwMDAsInJlYWQiOjMwMDAwMDAwMDAwMCwidXBkYXRlIjoxODAwMDAwMDAwMDAwfX0=",
          "dependencies": [
            "azurerm_resource_group.rg",
            "azurerm_subnet.web_subnet",
            "azurerm_virtual_network.vnet"
          ]
        }
      ]
    },
    {
      "mode": "managed",
      "type": "azurerm_network_security_group",
      "name": "app_nsg",
      "provider": "provider[\"registry.terraform.io/hashicorp/azurerm\"]",
      "instances": [
        {
          "schema_version": 0,
          "attributes": {
            "id": "/subscriptions/ba1de758-270b-45d0-a627-cd05e94ef39f/resourceGroups/rg-bookreview-prod/providers/Microsoft.Network/networkSecurityGroups/nsg-app-tier",
            "location": "centralindia",
            "name": "nsg-app-tier",
            "resource_group_name": "rg-bookreview-prod",
            "security_rule": [
              {
                "access": "Allow",
                "description": "",
                "destination_address_prefix": "*",
                "destination_address_prefixes": [],
                "destination_application_security_group_ids": [],
                "destination_port_range": "5000",
                "destination_port_ranges": [],
                "direction": "Inbound",
                "name": "Allow-AppPort-From-AppGW",
                "priority": 100,
                "protocol": "Tcp",
                "source_address_prefix": "10.0.0.0/24",
                "source_address_prefixes": [],
                "source_application_security_group_ids": [],
                "source_port_range": "*",
                "source_port_ranges": []
              },
              {
                "access": "Allow",
                "description": "",
                "destination_address_prefix": "*",
                "destination_address_prefixes": [],
                "destination_application_security_group_ids": [],
                "destination_port_range": "5000",
                "destination_port_ranges": [],
                "direction": "Inbound",
                "name": "Allow-AppPort-From-Web",
                "priority": 110,
                "protocol": "Tcp",
                "source_address_prefix": "10.0.1.0/24",
                "source_address_prefixes": [],
                "source_application_security_group_ids": [],
                "source_port_range": "*",
                "source_port_ranges": []
              },
              {
                "access": "Deny",
                "description": "",
                "destination_address_prefix": "*",
                "destination_address_prefixes": [],
                "destination_application_security_group_ids": [],
                "destination_port_range": "*",
                "destination_port_ranges": [],
                "direction": "Inbound",
                "name": "Deny-All-Inbound",
                "priority": 4000,
                "protocol": "*",
                "source_address_prefix": "*",
                "source_address_prefixes": [],
                "source_application_security_group_ids": [],
                "source_port_range": "*",
                "source_port_ranges": []
              }
            ],
            "tags": null,
            "timeouts": null
          },
          "sensitive_attributes": [],
          "identity_schema_version": 0,
          "private": "eyJlMmJmYjczMC1lY2FhLTExZTYtOGY4OC0zNDM2M2JjN2M0YzAiOnsiY3JlYXRlIjoxODAwMDAwMDAwMDAwLCJkZWxldGUiOjE4MDAwMDAwMDAwMDAsInJlYWQiOjMwMDAwMDAwMDAwMCwidXBkYXRlIjoxODAwMDAwMDAwMDAwfX0=",
          "dependencies": [
            "azurerm_resource_group.rg"
          ]
        }
      ]
    },
    {
      "mode": "managed",
      "type": "azurerm_network_security_group",
      "name": "db_nsg",
      "provider": "provider[\"registry.terraform.io/hashicorp/azurerm\"]",
      "instances": [
        {
          "schema_version": 0,
          "attributes": {
            "id": "/subscriptions/ba1de758-270b-45d0-a627-cd05e94ef39f/resourceGroups/rg-bookreview-prod/providers/Microsoft.Network/networkSecurityGroups/nsg-db-tier",
            "location": "centralindia",
            "name": "nsg-db-tier",
            "resource_group_name": "rg-bookreview-prod",
            "security_rule": [
              {
                "access": "Allow",
                "description": "",
                "destination_address_prefix": "*",
                "destination_address_prefixes": [],
                "destination_application_security_group_ids": [],
                "destination_port_range": "5432",
                "destination_port_ranges": [],
                "direction": "Inbound",
                "name": "Allow-PostgreSQL-From-App",
                "priority": 100,
                "protocol": "Tcp",
                "source_address_prefix": "10.0.2.0/24",
                "source_address_prefixes": [],
                "source_application_security_group_ids": [],
                "source_port_range": "*",
                "source_port_ranges": []
              },
              {
                "access": "Deny",
                "description": "",
                "destination_address_prefix": "*",
                "destination_address_prefixes": [],
                "destination_application_security_group_ids": [],
                "destination_port_range": "*",
                "destination_port_ranges": [],
                "direction": "Inbound",
                "name": "Deny-All-Inbound",
                "priority": 4000,
                "protocol": "*",
                "source_address_prefix": "*",
                "source_address_prefixes": [],
                "source_application_security_group_ids": [],
                "source_port_range": "*",
                "source_port_ranges": []
              }
            ],
            "tags": null,
            "timeouts": null
          },
          "sensitive_attributes": [],
          "identity_schema_version": 0,
          "private": "eyJlMmJmYjczMC1lY2FhLTExZTYtOGY4OC0zNDM2M2JjN2M0YzAiOnsiY3JlYXRlIjoxODAwMDAwMDAwMDAwLCJkZWxldGUiOjE4MDAwMDAwMDAwMDAsInJlYWQiOjMwMDAwMDAwMDAwMCwidXBkYXRlIjoxODAwMDAwMDAwMDAwfX0=",
          "dependencies": [
            "azurerm_resource_group.rg"
          ]
        }
      ]
    },
    {
      "mode": "managed",
      "type": "azurerm_network_security_group",
      "name": "web_nsg",
      "provider": "provider[\"registry.terraform.io/hashicorp/azurerm\"]",
      "instances": [
        {
          "schema_version": 0,
          "attributes": {
            "id": "/subscriptions/ba1de758-270b-45d0-a627-cd05e94ef39f/resourceGroups/rg-bookreview-prod/providers/Microsoft.Network/networkSecurityGroups/nsg-web-tier",
            "location": "centralindia",
            "name": "nsg-web-tier",
            "resource_group_name": "rg-bookreview-prod",
            "security_rule": [
              {
                "access": "Allow",
                "description": "",
                "destination_address_prefix": "*",
                "destination_address_prefixes": [],
                "destination_application_security_group_ids": [],
                "destination_port_range": "80",
                "destination_port_ranges": [],
                "direction": "Inbound",
                "name": "Allow-HTTP-From-AppGW",
                "priority": 100,
                "protocol": "Tcp",
                "source_address_prefix": "10.0.0.0/24",
                "source_address_prefixes": [],
                "source_application_security_group_ids": [],
                "source_port_range": "*",
                "source_port_ranges": []
              },
              {
                "access": "Deny",
                "description": "",
                "destination_address_prefix": "*",
                "destination_address_prefixes": [],
                "destination_application_security_group_ids": [],
                "destination_port_range": "*",
                "destination_port_ranges": [],
                "direction": "Inbound",
                "name": "Deny-Direct-Internet",
                "priority": 200,
                "protocol": "*",
                "source_address_prefix": "Internet",
                "source_address_prefixes": [],
                "source_application_security_group_ids": [],
                "source_port_range": "*",
                "source_port_ranges": []
              }
            ],
            "tags": null,
            "timeouts": null
          },
          "sensitive_attributes": [],
          "identity_schema_version": 0,
          "private": "eyJlMmJmYjczMC1lY2FhLTExZTYtOGY4OC0zNDM2M2JjN2M0YzAiOnsiY3JlYXRlIjoxODAwMDAwMDAwMDAwLCJkZWxldGUiOjE4MDAwMDAwMDAwMDAsInJlYWQiOjMwMDAwMDAwMDAwMCwidXBkYXRlIjoxODAwMDAwMDAwMDAwfX0=",
          "dependencies": [
            "azurerm_resource_group.rg"
          ]
        }
      ]
    },
    {
      "mode": "managed",
      "type": "azurerm_postgresql_flexible_server",
      "name": "db",
      "provider": "provider[\"registry.terraform.io/hashicorp/azurerm\"]",
      "instances": [
        {
          "schema_version": 0,
          "attributes": {
            "administrator_login": "azureuser",
            "administrator_password": "P@ssw0rd9451!#BookApp",
            "authentication": [
              {
                "active_directory_auth_enabled": false,
                "password_auth_enabled": true,
                "tenant_id": ""
              }
            ],
            "auto_grow_enabled": false,
            "backup_retention_days": 7,
            "create_mode": null,
            "customer_managed_key": [],
            "delegated_subnet_id": "/subscriptions/ba1de758-270b-45d0-a627-cd05e94ef39f/resourceGroups/rg-bookreview-prod/providers/Microsoft.Network/virtualNetworks/vnet-bookreview-prod/subnets/snet-db",
            "fqdn": "psql-bookreview-c66wom.postgres.database.azure.com",
            "geo_redundant_backup_enabled": false,
            "high_availability": [],
            "id": "/subscriptions/ba1de758-270b-45d0-a627-cd05e94ef39f/resourceGroups/rg-bookreview-prod/providers/Microsoft.DBforPostgreSQL/flexibleServers/psql-bookreview-c66wom",
            "identity": [],
            "location": "centralindia",
            "maintenance_window": [],
            "name": "psql-bookreview-c66wom",
            "point_in_time_restore_time_in_utc": null,
            "private_dns_zone_id": "/subscriptions/ba1de758-270b-45d0-a627-cd05e94ef39f/resourceGroups/rg-bookreview-prod/providers/Microsoft.Network/privateDnsZones/bookapp.postgres.database.azure.com",
            "public_network_access_enabled": false,
            "replication_role": "",
            "resource_group_name": "rg-bookreview-prod",
            "sku_name": "B_Standard_B1ms",
            "source_server_id": null,
            "storage_mb": 32768,
            "tags": null,
            "timeouts": null,
            "version": "13",
            "zone": "1"
          },
          "sensitive_attributes": [
            [
              {
                "type": "get_attr",
                "value": "administrator_password"
              }
            ]
          ],
          "identity_schema_version": 0,
          "private": "eyJlMmJmYjczMC1lY2FhLTExZTYtOGY4OC0zNDM2M2JjN2M0YzAiOnsiY3JlYXRlIjozNjAwMDAwMDAwMDAwLCJkZWxldGUiOjM2MDAwMDAwMDAwMDAsInJlYWQiOjMwMDAwMDAwMDAwMCwidXBkYXRlIjozNjAwMDAwMDAwMDAwfX0=",
          "dependencies": [
            "azurerm_key_vault.kv",
            "azurerm_key_vault_secret.db_password",
            "azurerm_private_dns_zone.dns_postgres",
            "azurerm_private_dns_zone_virtual_network_link.dns_link",
            "azurerm_resource_group.rg",
            "azurerm_subnet.db_subnet",
            "azurerm_virtual_network.vnet",
            "data.azurerm_client_config.current",
            "random_string.suffix"
          ]
        }
      ]
    },
    {
      "mode": "managed",
      "type": "azurerm_postgresql_flexible_server_database",
      "name": "bookdb",
      "provider": "provider[\"registry.terraform.io/hashicorp/azurerm\"]",
      "instances": [
        {
          "schema_version": 0,
          "attributes": {
            "charset": "UTF8",
            "collation": "en_US.utf8",
            "id": "/subscriptions/ba1de758-270b-45d0-a627-cd05e94ef39f/resourceGroups/rg-bookreview-prod/providers/Microsoft.DBforPostgreSQL/flexibleServers/psql-bookreview-c66wom/databases/bookreviewdb",
            "name": "bookreviewdb",
            "server_id": "/subscriptions/ba1de758-270b-45d0-a627-cd05e94ef39f/resourceGroups/rg-bookreview-prod/providers/Microsoft.DBforPostgreSQL/flexibleServers/psql-bookreview-c66wom",
            "timeouts": null
          },
          "sensitive_attributes": [],
          "identity_schema_version": 0,
          "private": "eyJlMmJmYjczMC1lY2FhLTExZTYtOGY4OC0zNDM2M2JjN2M0YzAiOnsiY3JlYXRlIjoxODAwMDAwMDAwMDAwLCJkZWxldGUiOjE4MDAwMDAwMDAwMDAsInJlYWQiOjMwMDAwMDAwMDAwMH19",
          "dependencies": [
            "azurerm_key_vault.kv",
            "azurerm_key_vault_secret.db_password",
            "azurerm_postgresql_flexible_server.db",
            "azurerm_private_dns_zone.dns_postgres",
            "azurerm_private_dns_zone_virtual_network_link.dns_link",
            "azurerm_resource_group.rg",
            "azurerm_subnet.db_subnet",
            "azurerm_virtual_network.vnet",
            "data.azurerm_client_config.current",
            "random_string.suffix"
          ]
        }
      ]
    },
    {
      "mode": "managed",
      "type": "azurerm_private_dns_zone",
      "name": "dns_postgres",
      "provider": "provider[\"registry.terraform.io/hashicorp/azurerm\"]",
      "instances": [
        {
          "schema_version": 0,
          "attributes": {
            "id": "/subscriptions/ba1de758-270b-45d0-a627-cd05e94ef39f/resourceGroups/rg-bookreview-prod/providers/Microsoft.Network/privateDnsZones/bookapp.postgres.database.azure.com",
            "max_number_of_record_sets": 25000,
            "max_number_of_virtual_network_links": 1000,
            "max_number_of_virtual_network_links_with_registration": 100,
            "name": "bookapp.postgres.database.azure.com",
            "number_of_record_sets": 1,
            "resource_group_name": "rg-bookreview-prod",
            "soa_record": [
              {
                "email": "azureprivatedns-host.microsoft.com",
                "expire_time": 2419200,
                "fqdn": "bookapp.postgres.database.azure.com.",
                "host_name": "azureprivatedns.net",
                "minimum_ttl": 10,
                "refresh_time": 3600,
                "retry_time": 300,
                "serial_number": 1,
                "tags": {},
                "ttl": 3600
              }
            ],
            "tags": null,
            "timeouts": null
          },
          "sensitive_attributes": [],
          "identity_schema_version": 0,
          "private": "eyJlMmJmYjczMC1lY2FhLTExZTYtOGY4OC0zNDM2M2JjN2M0YzAiOnsiY3JlYXRlIjoxODAwMDAwMDAwMDAwLCJkZWxldGUiOjE4MDAwMDAwMDAwMDAsInJlYWQiOjMwMDAwMDAwMDAwMCwidXBkYXRlIjoxODAwMDAwMDAwMDAwfX0=",
          "dependencies": [
            "azurerm_resource_group.rg"
          ]
        }
      ]
    },
    {
      "mode": "managed",
      "type": "azurerm_private_dns_zone_virtual_network_link",
      "name": "dns_link",
      "provider": "provider[\"registry.terraform.io/hashicorp/azurerm\"]",
      "instances": [
        {
          "schema_version": 0,
          "attributes": {
            "id": "/subscriptions/ba1de758-270b-45d0-a627-cd05e94ef39f/resourceGroups/rg-bookreview-prod/providers/Microsoft.Network/privateDnsZones/bookapp.postgres.database.azure.com/virtualNetworkLinks/postgres-vnet-link",
            "name": "postgres-vnet-link",
            "private_dns_zone_name": "bookapp.postgres.database.azure.com",
            "registration_enabled": false,
            "resource_group_name": "rg-bookreview-prod",
            "tags": null,
            "timeouts": null,
            "virtual_network_id": "/subscriptions/ba1de758-270b-45d0-a627-cd05e94ef39f/resourceGroups/rg-bookreview-prod/providers/Microsoft.Network/virtualNetworks/vnet-bookreview-prod"
          },
          "sensitive_attributes": [],
          "identity_schema_version": 0,
          "private": "eyJlMmJmYjczMC1lY2FhLTExZTYtOGY4OC0zNDM2M2JjN2M0YzAiOnsiY3JlYXRlIjoxODAwMDAwMDAwMDAwLCJkZWxldGUiOjE4MDAwMDAwMDAwMDAsInJlYWQiOjMwMDAwMDAwMDAwMCwidXBkYXRlIjoxODAwMDAwMDAwMDAwfX0=",
          "dependencies": [
            "azurerm_private_dns_zone.dns_postgres",
            "azurerm_resource_group.rg",
            "azurerm_virtual_network.vnet"
          ]
        }
      ]
    },
    {
      "mode": "managed",
      "type": "azurerm_public_ip",
      "name": "appgw_pip",
      "provider": "provider[\"registry.terraform.io/hashicorp/azurerm\"]",
      "instances": [
        {
          "schema_version": 0,
          "attributes": {
            "allocation_method": "Static",
            "ddos_protection_mode": "VirtualNetworkInherited",
            "ddos_protection_plan_id": null,
            "domain_name_label": null,
            "edge_zone": "",
            "fqdn": null,
            "id": "/subscriptions/ba1de758-270b-45d0-a627-cd05e94ef39f/resourceGroups/rg-bookreview-prod/providers/Microsoft.Network/publicIPAddresses/pip-appgw",
            "idle_timeout_in_minutes": 4,
            "ip_address": "20.198.67.76",
            "ip_tags": null,
            "ip_version": "IPv4",
            "location": "centralindia",
            "name": "pip-appgw",
            "public_ip_prefix_id": null,
            "resource_group_name": "rg-bookreview-prod",
            "reverse_fqdn": null,
            "sku": "Standard",
            "sku_tier": "Regional",
            "tags": null,
            "timeouts": null,
            "zones": null
          },
          "sensitive_attributes": [],
          "identity_schema_version": 0,
          "private": "eyJlMmJmYjczMC1lY2FhLTExZTYtOGY4OC0zNDM2M2JjN2M0YzAiOnsiY3JlYXRlIjoxODAwMDAwMDAwMDAwLCJkZWxldGUiOjE4MDAwMDAwMDAwMDAsInJlYWQiOjMwMDAwMDAwMDAwMCwidXBkYXRlIjoxODAwMDAwMDAwMDAwfX0=",
          "dependencies": [
            "azurerm_resource_group.rg"
          ]
        }
      ]
    },
    {
      "mode": "managed",
      "type": "azurerm_resource_group",
      "name": "rg",
      "provider": "provider[\"registry.terraform.io/hashicorp/azurerm\"]",
      "instances": [
        {
          "schema_version": 0,
          "attributes": {
            "id": "/subscriptions/ba1de758-270b-45d0-a627-cd05e94ef39f/resourceGroups/rg-bookreview-prod",
            "location": "centralindia",
            "managed_by": "",
            "name": "rg-bookreview-prod",
            "tags": {
              "Assignment": "Assignment-06-Three-Tier",
              "Environment": "production"
            },
            "timeouts": null
          },
          "sensitive_attributes": [],
          "identity_schema_version": 0,
          "private": "eyJlMmJmYjczMC1lY2FhLTExZTYtOGY4OC0zNDM2M2JjN2M0YzAiOnsiY3JlYXRlIjo1NDAwMDAwMDAwMDAwLCJkZWxldGUiOjU0MDAwMDAwMDAwMDAsInJlYWQiOjMwMDAwMDAwMDAwMCwidXBkYXRlIjo1NDAwMDAwMDAwMDAwfX0="
        }
      ]
    },
    {
      "mode": "managed",
      "type": "azurerm_subnet",
      "name": "app_subnet",
      "provider": "provider[\"registry.terraform.io/hashicorp/azurerm\"]",
      "instances": [
        {
          "schema_version": 0,
          "attributes": {
            "address_prefixes": [
              "10.0.2.0/24"
            ],
            "delegation": [],
            "enforce_private_link_endpoint_network_policies": false,
            "enforce_private_link_service_network_policies": false,
            "id": "/subscriptions/ba1de758-270b-45d0-a627-cd05e94ef39f/resourceGroups/rg-bookreview-prod/providers/Microsoft.Network/virtualNetworks/vnet-bookreview-prod/subnets/snet-app",
            "name": "snet-app",
            "private_endpoint_network_policies_enabled": true,
            "private_link_service_network_policies_enabled": true,
            "resource_group_name": "rg-bookreview-prod",
            "service_endpoint_policy_ids": null,
            "service_endpoints": null,
            "timeouts": null,
            "virtual_network_name": "vnet-bookreview-prod"
          },
          "sensitive_attributes": [],
          "identity_schema_version": 0,
          "private": "eyJlMmJmYjczMC1lY2FhLTExZTYtOGY4OC0zNDM2M2JjN2M0YzAiOnsiY3JlYXRlIjoxODAwMDAwMDAwMDAwLCJkZWxldGUiOjE4MDAwMDAwMDAwMDAsInJlYWQiOjMwMDAwMDAwMDAwMCwidXBkYXRlIjoxODAwMDAwMDAwMDAwfX0=",
          "dependencies": [
            "azurerm_resource_group.rg",
            "azurerm_virtual_network.vnet"
          ]
        }
      ]
    },
    {
      "mode": "managed",
      "type": "azurerm_subnet",
      "name": "appgw_subnet",
      "provider": "provider[\"registry.terraform.io/hashicorp/azurerm\"]",
      "instances": [
        {
          "schema_version": 0,
          "attributes": {
            "address_prefixes": [
              "10.0.0.0/24"
            ],
            "delegation": [],
            "enforce_private_link_endpoint_network_policies": false,
            "enforce_private_link_service_network_policies": false,
            "id": "/subscriptions/ba1de758-270b-45d0-a627-cd05e94ef39f/resourceGroups/rg-bookreview-prod/providers/Microsoft.Network/virtualNetworks/vnet-bookreview-prod/subnets/snet-appgw",
            "name": "snet-appgw",
            "private_endpoint_network_policies_enabled": true,
            "private_link_service_network_policies_enabled": true,
            "resource_group_name": "rg-bookreview-prod",
            "service_endpoint_policy_ids": null,
            "service_endpoints": null,
            "timeouts": null,
            "virtual_network_name": "vnet-bookreview-prod"
          },
          "sensitive_attributes": [],
          "identity_schema_version": 0,
          "private": "eyJlMmJmYjczMC1lY2FhLTExZTYtOGY4OC0zNDM2M2JjN2M0YzAiOnsiY3JlYXRlIjoxODAwMDAwMDAwMDAwLCJkZWxldGUiOjE4MDAwMDAwMDAwMDAsInJlYWQiOjMwMDAwMDAwMDAwMCwidXBkYXRlIjoxODAwMDAwMDAwMDAwfX0=",
          "dependencies": [
            "azurerm_resource_group.rg",
            "azurerm_virtual_network.vnet"
          ]
        }
      ]
    },
    {
      "mode": "managed",
      "type": "azurerm_subnet",
      "name": "db_subnet",
      "provider": "provider[\"registry.terraform.io/hashicorp/azurerm\"]",
      "instances": [
        {
          "schema_version": 0,
          "attributes": {
            "address_prefixes": [
              "10.0.3.0/24"
            ],
            "delegation": [
              {
                "name": "fs-delegation",
                "service_delegation": [
                  {
                    "actions": [
                      "Microsoft.Network/virtualNetworks/subnets/join/action"
                    ],
                    "name": "Microsoft.DBforPostgreSQL/flexibleServers"
                  }
                ]
              }
            ],
            "enforce_private_link_endpoint_network_policies": false,
            "enforce_private_link_service_network_policies": false,
            "id": "/subscriptions/ba1de758-270b-45d0-a627-cd05e94ef39f/resourceGroups/rg-bookreview-prod/providers/Microsoft.Network/virtualNetworks/vnet-bookreview-prod/subnets/snet-db",
            "name": "snet-db",
            "private_endpoint_network_policies_enabled": true,
            "private_link_service_network_policies_enabled": true,
            "resource_group_name": "rg-bookreview-prod",
            "service_endpoint_policy_ids": null,
            "service_endpoints": null,
            "timeouts": null,
            "virtual_network_name": "vnet-bookreview-prod"
          },
          "sensitive_attributes": [],
          "identity_schema_version": 0,
          "private": "eyJlMmJmYjczMC1lY2FhLTExZTYtOGY4OC0zNDM2M2JjN2M0YzAiOnsiY3JlYXRlIjoxODAwMDAwMDAwMDAwLCJkZWxldGUiOjE4MDAwMDAwMDAwMDAsInJlYWQiOjMwMDAwMDAwMDAwMCwidXBkYXRlIjoxODAwMDAwMDAwMDAwfX0=",
          "dependencies": [
            "azurerm_resource_group.rg",
            "azurerm_virtual_network.vnet"
          ]
        }
      ]
    },
    {
      "mode": "managed",
      "type": "azurerm_subnet",
      "name": "web_subnet",
      "provider": "provider[\"registry.terraform.io/hashicorp/azurerm\"]",
      "instances": [
        {
          "schema_version": 0,
          "attributes": {
            "address_prefixes": [
              "10.0.1.0/24"
            ],
            "delegation": [],
            "enforce_private_link_endpoint_network_policies": false,
            "enforce_private_link_service_network_policies": false,
            "id": "/subscriptions/ba1de758-270b-45d0-a627-cd05e94ef39f/resourceGroups/rg-bookreview-prod/providers/Microsoft.Network/virtualNetworks/vnet-bookreview-prod/subnets/snet-web",
            "name": "snet-web",
            "private_endpoint_network_policies_enabled": true,
            "private_link_service_network_policies_enabled": true,
            "resource_group_name": "rg-bookreview-prod",
            "service_endpoint_policy_ids": null,
            "service_endpoints": null,
            "timeouts": null,
            "virtual_network_name": "vnet-bookreview-prod"
          },
          "sensitive_attributes": [],
          "identity_schema_version": 0,
          "private": "eyJlMmJmYjczMC1lY2FhLTExZTYtOGY4OC0zNDM2M2JjN2M0YzAiOnsiY3JlYXRlIjoxODAwMDAwMDAwMDAwLCJkZWxldGUiOjE4MDAwMDAwMDAwMDAsInJlYWQiOjMwMDAwMDAwMDAwMCwidXBkYXRlIjoxODAwMDAwMDAwMDAwfX0=",
          "dependencies": [
            "azurerm_resource_group.rg",
            "azurerm_virtual_network.vnet"
          ]
        }
      ]
    },
    {
      "mode": "managed",
      "type": "azurerm_subnet_network_security_group_association",
      "name": "app_nsg_assoc",
      "provider": "provider[\"registry.terraform.io/hashicorp/azurerm\"]",
      "instances": [
        {
          "schema_version": 0,
          "attributes": {
            "id": "/subscriptions/ba1de758-270b-45d0-a627-cd05e94ef39f/resourceGroups/rg-bookreview-prod/providers/Microsoft.Network/virtualNetworks/vnet-bookreview-prod/subnets/snet-app",
            "network_security_group_id": "/subscriptions/ba1de758-270b-45d0-a627-cd05e94ef39f/resourceGroups/rg-bookreview-prod/providers/Microsoft.Network/networkSecurityGroups/nsg-app-tier",
            "subnet_id": "/subscriptions/ba1de758-270b-45d0-a627-cd05e94ef39f/resourceGroups/rg-bookreview-prod/providers/Microsoft.Network/virtualNetworks/vnet-bookreview-prod/subnets/snet-app",
            "timeouts": null
          },
          "sensitive_attributes": [],
          "identity_schema_version": 0,
          "private": "eyJlMmJmYjczMC1lY2FhLTExZTYtOGY4OC0zNDM2M2JjN2M0YzAiOnsiY3JlYXRlIjoxODAwMDAwMDAwMDAwLCJkZWxldGUiOjE4MDAwMDAwMDAwMDAsInJlYWQiOjMwMDAwMDAwMDAwMH19",
          "dependencies": [
            "azurerm_network_security_group.app_nsg",
            "azurerm_resource_group.rg",
            "azurerm_subnet.app_subnet",
            "azurerm_virtual_network.vnet"
          ]
        }
      ]
    },
    {
      "mode": "managed",
      "type": "azurerm_subnet_network_security_group_association",
      "name": "db_nsg_assoc",
      "provider": "provider[\"registry.terraform.io/hashicorp/azurerm\"]",
      "instances": [
        {
          "schema_version": 0,
          "attributes": {
            "id": "/subscriptions/ba1de758-270b-45d0-a627-cd05e94ef39f/resourceGroups/rg-bookreview-prod/providers/Microsoft.Network/virtualNetworks/vnet-bookreview-prod/subnets/snet-db",
            "network_security_group_id": "/subscriptions/ba1de758-270b-45d0-a627-cd05e94ef39f/resourceGroups/rg-bookreview-prod/providers/Microsoft.Network/networkSecurityGroups/nsg-db-tier",
            "subnet_id": "/subscriptions/ba1de758-270b-45d0-a627-cd05e94ef39f/resourceGroups/rg-bookreview-prod/providers/Microsoft.Network/virtualNetworks/vnet-bookreview-prod/subnets/snet-db",
            "timeouts": null
          },
          "sensitive_attributes": [],
          "identity_schema_version": 0,
          "private": "eyJlMmJmYjczMC1lY2FhLTExZTYtOGY4OC0zNDM2M2JjN2M0YzAiOnsiY3JlYXRlIjoxODAwMDAwMDAwMDAwLCJkZWxldGUiOjE4MDAwMDAwMDAwMDAsInJlYWQiOjMwMDAwMDAwMDAwMH19",
          "dependencies": [
            "azurerm_network_security_group.db_nsg",
            "azurerm_resource_group.rg",
            "azurerm_subnet.db_subnet",
            "azurerm_virtual_network.vnet"
          ]
        }
      ]
    },
    {
      "mode": "managed",
      "type": "azurerm_subnet_network_security_group_association",
      "name": "web_nsg_assoc",
      "provider": "provider[\"registry.terraform.io/hashicorp/azurerm\"]",
      "instances": [
        {
          "schema_version": 0,
          "attributes": {
            "id": "/subscriptions/ba1de758-270b-45d0-a627-cd05e94ef39f/resourceGroups/rg-bookreview-prod/providers/Microsoft.Network/virtualNetworks/vnet-bookreview-prod/subnets/snet-web",
            "network_security_group_id": "/subscriptions/ba1de758-270b-45d0-a627-cd05e94ef39f/resourceGroups/rg-bookreview-prod/providers/Microsoft.Network/networkSecurityGroups/nsg-web-tier",
            "subnet_id": "/subscriptions/ba1de758-270b-45d0-a627-cd05e94ef39f/resourceGroups/rg-bookreview-prod/providers/Microsoft.Network/virtualNetworks/vnet-bookreview-prod/subnets/snet-web",
            "timeouts": null
          },
          "sensitive_attributes": [],
          "identity_schema_version": 0,
          "private": "eyJlMmJmYjczMC1lY2FhLTExZTYtOGY4OC0zNDM2M2JjN2M0YzAiOnsiY3JlYXRlIjoxODAwMDAwMDAwMDAwLCJkZWxldGUiOjE4MDAwMDAwMDAwMDAsInJlYWQiOjMwMDAwMDAwMDAwMH19",
          "dependencies": [
            "azurerm_network_security_group.web_nsg",
            "azurerm_resource_group.rg",
            "azurerm_subnet.web_subnet",
            "azurerm_virtual_network.vnet"
          ]
        }
      ]
    },
    {
      "mode": "managed",
      "type": "azurerm_virtual_machine_extension",
      "name": "flask_setup",
      "provider": "provider[\"registry.terraform.io/hashicorp/azurerm\"]",
      "instances": [
        {
          "schema_version": 0,
          "attributes": {
            "auto_upgrade_minor_version": false,
            "automatic_upgrade_enabled": false,
            "failure_suppression_enabled": false,
            "id": "/subscriptions/ba1de758-270b-45d0-a627-cd05e94ef39f/resourceGroups/rg-bookreview-prod/providers/Microsoft.Compute/virtualMachines/vm-app-01/extensions/flask-app-init",
            "name": "flask-app-init",
            "protected_settings": null,
            "protected_settings_from_key_vault": [],
            "provision_after_extensions": null,
            "publisher": "Microsoft.Azure.Extensions",
            "settings": "{\"commandToExecute\":\"mkdir -p /app \\u0026\\u0026 echo 'from flask import Flask\\napp = Flask(__name__)\\n@app.route(\\\"/\\\")\\ndef home():\\n    return \\\"Book Review App Tier is up and running on port 5000!\\\"\\nif __name__ == \\\"__main__\\\":\\n    app.run(host=\\\"0.0.0.0\\\", port=5000)' \\u003e /app/app.py \\u0026\\u0026 apt-get update -y \\u0026\\u0026 apt-get install -y python3-flask \\u0026\\u0026 echo '[Unit]\\nDescription=Flask Application\\nAfter=network.target\\n[Service]\\nUser=root\\nWorkingDirectory=/app\\nExecStart=/usr/bin/python3 /app/app.py\\nRestart=always\\n[Install]\\nWantedBy=multi-user.target' \\u003e /etc/systemd/system/flaskapp.service \\u0026\\u0026 systemctl daemon-reload \\u0026\\u0026 systemctl enable flaskapp \\u0026\\u0026 systemctl restart flaskapp\"}",
            "tags": null,
            "timeouts": null,
            "type": "CustomScript",
            "type_handler_version": "2.1",
            "virtual_machine_id": "/subscriptions/ba1de758-270b-45d0-a627-cd05e94ef39f/resourceGroups/rg-bookreview-prod/providers/Microsoft.Compute/virtualMachines/vm-app-01"
          },
          "sensitive_attributes": [
            [
              {
                "type": "get_attr",
                "value": "protected_settings"
              }
            ]
          ],
          "identity_schema_version": 0,
          "private": "eyJlMmJmYjczMC1lY2FhLTExZTYtOGY4OC0zNDM2M2JjN2M0YzAiOnsiY3JlYXRlIjoxODAwMDAwMDAwMDAwLCJkZWxldGUiOjE4MDAwMDAwMDAwMDAsInJlYWQiOjMwMDAwMDAwMDAwMCwidXBkYXRlIjoxODAwMDAwMDAwMDAwfX0=",
          "dependencies": [
            "azurerm_linux_virtual_machine.app_vm",
            "azurerm_network_interface.app_nic",
            "azurerm_resource_group.rg",
            "azurerm_subnet.app_subnet",
            "azurerm_virtual_network.vnet"
          ]
        }
      ]
    },
    {
      "mode": "managed",
      "type": "azurerm_virtual_network",
      "name": "vnet",
      "provider": "provider[\"registry.terraform.io/hashicorp/azurerm\"]",
      "instances": [
        {
          "schema_version": 0,
          "attributes": {
            "address_space": [
              "10.0.0.0/16"
            ],
            "bgp_community": "",
            "ddos_protection_plan": [],
            "dns_servers": [],
            "edge_zone": "",
            "encryption": [],
            "flow_timeout_in_minutes": 0,
            "guid": "59391673-258c-4648-b13e-92bf4ceb5e4e",
            "id": "/subscriptions/ba1de758-270b-45d0-a627-cd05e94ef39f/resourceGroups/rg-bookreview-prod/providers/Microsoft.Network/virtualNetworks/vnet-bookreview-prod",
            "location": "centralindia",
            "name": "vnet-bookreview-prod",
            "resource_group_name": "rg-bookreview-prod",
            "subnet": [],
            "tags": {
              "Assignment": "Assignment-06-Three-Tier",
              "Environment": "production"
            },
            "timeouts": null
          },
          "sensitive_attributes": [],
          "identity_schema_version": 0,
          "private": "eyJlMmJmYjczMC1lY2FhLTExZTYtOGY4OC0zNDM2M2JjN2M0YzAiOnsiY3JlYXRlIjoxODAwMDAwMDAwMDAwLCJkZWxldGUiOjE4MDAwMDAwMDAwMDAsInJlYWQiOjMwMDAwMDAwMDAwMCwidXBkYXRlIjoxODAwMDAwMDAwMDAwfX0=",
          "dependencies": [
            "azurerm_resource_group.rg"
          ]
        }
      ]
    },
    {
      "mode": "managed",
      "type": "random_string",
      "name": "suffix",
      "provider": "provider[\"registry.terraform.io/hashicorp/random\"]",
      "instances": [
        {
          "schema_version": 2,
          "attributes": {
            "id": "c66wom",
            "keepers": null,
            "length": 6,
            "lower": true,
            "min_lower": 0,
            "min_numeric": 0,
            "min_special": 0,
            "min_upper": 0,
            "number": true,
            "numeric": true,
            "override_special": null,
            "result": "c66wom",
            "special": false,
            "upper": false
          },
          "sensitive_attributes": [],
          "identity_schema_version": 0
        }
      ]
    }
  ],
  "check_results": null
}
