{
  "version": 4,
  "terraform_version": "1.15.8",
  "serial": 36,
  "lineage": "e40f759f-f7f1-6167-eae8-034d99062580",
  "outputs": {
    "admin_password": {
      "value": "s3HZVKn:EauhM}7j",
      "type": "string",
      "sensitive": true
    },
    "key_vault_name": {
      "value": "kv-bookreview-free-01",
      "type": "string"
    },
    "postgresql_server_fqdn": {
      "value": null,
      "type": "string",
      "sensitive": true
    },
    "public_entry_point_ip": {
      "value": "20.235.20.66",
      "type": "string"
    },
    "resource_group_name": {
      "value": "rg-bookreview-prod",
      "type": "string"
    }
  },
  "resources": [
    {
      "mode": "data",
      "type": "azurerm_client_config",
      "name": "current",
      "provider": "provider[\"registry.terraform.io/hashicorp/azurerm\"]",
      "instances": [
        {
          "schema_version": 0,
          "attributes": {
            "client_id": "04b07795-8ddb-461a-bbee-02f9e1bf7b46",
            "id": "Y2xpZW50Q29uZmlncy9jbGllbnRJZD0wNGIwNzc5NS04ZGRiLTQ2MWEtYmJlZS0wMmY5ZTFiZjdiNDY7b2JqZWN0SWQ9NWM2NjBmZjktYzYxZC00OTc2LTkwNGQtMDYzM2MxZmRlN2I3O3N1YnNjcmlwdGlvbklkPWJhMWRlNzU4LTI3MGItNDVkMC1hNjI3LWNkMDVlOTRlZjM5Zjt0ZW5hbnRJZD02NDY0MDc0Mi04Mzk0LTQyMDUtYmNjNC05NDU5Y2EwZGQ0OWE=",
            "object_id": "5c660ff9-c61d-4976-904d-0633c1fde7b7",
            "subscription_id": "ba1de758-270b-45d0-a627-cd05e94ef39f",
            "tenant_id": "64640742-8394-4205-bcc4-9459ca0dd49a",
            "timeouts": null
          },
          "sensitive_attributes": [],
          "identity_schema_version": 0
        }
      ]
    },
    {
      "mode": "managed",
      "type": "azurerm_application_gateway",
      "name": "appgw",
      "provider": "provider[\"registry.terraform.io/hashicorp/azurerm\"]",
      "instances": [
        {
          "schema_version": 0,
          "attributes": {
            "authentication_certificate": [],
            "autoscale_configuration": [],
            "backend_address_pool": [
              {
                "fqdns": [],
                "id": "/subscriptions/ba1de758-270b-45d0-a627-cd05e94ef39f/resourceGroups/rg-bookreview-prod/providers/Microsoft.Network/applicationGateways/appgw-bookreview/backendAddressPools/web-backend-pool",
                "ip_addresses": [
                  "10.0.1.4"
                ],
                "name": "web-backend-pool"
              }
            ],
            "backend_http_settings": [
              {
                "affinity_cookie_name": "",
                "authentication_certificate": [],
                "connection_draining": [],
                "cookie_based_affinity": "Disabled",
                "host_name": "",
                "id": "/subscriptions/ba1de758-270b-45d0-a627-cd05e94ef39f/resourceGroups/rg-bookreview-prod/providers/Microsoft.Network/applicationGateways/appgw-bookreview/backendHttpSettingsCollection/http-settings",
                "name": "http-settings",
                "path": "",
                "pick_host_name_from_backend_address": false,
                "port": 80,
                "probe_id": "",
                "probe_name": "",
                "protocol": "Http",
                "request_timeout": 20,
                "trusted_root_certificate_names": []
              }
            ],
            "custom_error_configuration": [],
            "enable_http2": false,
            "fips_enabled": false,
            "firewall_policy_id": "",
            "force_firewall_policy_association": false,
            "frontend_ip_configuration": [
              {
                "id": "/subscriptions/ba1de758-270b-45d0-a627-cd05e94ef39f/resourceGroups/rg-bookreview-prod/providers/Microsoft.Network/applicationGateways/appgw-bookreview/frontendIPConfigurations/appgw-frontend-ip",
                "name": "appgw-frontend-ip",
                "private_ip_address": "",
                "private_ip_address_allocation": "Dynamic",
                "private_link_configuration_id": "",
                "private_link_configuration_name": "",
                "public_ip_address_id": "/subscriptions/ba1de758-270b-45d0-a627-cd05e94ef39f/resourceGroups/rg-bookreview-prod/providers/Microsoft.Network/publicIPAddresses/pip-appgw",
                "subnet_id": ""
              }
            ],
            "frontend_port": [
              {
                "id": "/subscriptions/ba1de758-270b-45d0-a627-cd05e94ef39f/resourceGroups/rg-bookreview-prod/providers/Microsoft.Network/applicationGateways/appgw-bookreview/frontendPorts/port_80",
                "name": "port_80",
                "port": 80
              }
            ],
            "gateway_ip_configuration": [
              {
                "id": "/subscriptions/ba1de758-270b-45d0-a627-cd05e94ef39f/resourceGroups/rg-bookreview-prod/providers/Microsoft.Network/applicationGateways/appgw-bookreview/gatewayIPConfigurations/appgw-ip-config",
                "name": "appgw-ip-config",
                "subnet_id": "/subscriptions/ba1de758-270b-45d0-a627-cd05e94ef39f/resourceGroups/rg-bookreview-prod/providers/Microsoft.Network/virtualNetworks/vnet-bookreview-prod/subnets/snet-appgw"
              }
            ],
            "global": [],
            "http_listener": [
              {
                "custom_error_configuration": [],
                "firewall_policy_id": "",
                "frontend_ip_configuration_id": "/subscriptions/ba1de758-270b-45d0-a627-cd05e94ef39f/resourceGroups/rg-bookreview-prod/providers/Microsoft.Network/applicationGateways/appgw-bookreview/frontendIPConfigurations/appgw-frontend-ip",
                "frontend_ip_configuration_name": "appgw-frontend-ip",
                "frontend_port_id": "/subscriptions/ba1de758-270b-45d0-a627-cd05e94ef39f/resourceGroups/rg-bookreview-prod/providers/Microsoft.Network/applicationGateways/appgw-bookreview/frontendPorts/port_80",
                "frontend_port_name": "port_80",
                "host_name": "",
                "host_names": [],
                "id": "/subscriptions/ba1de758-270b-45d0-a627-cd05e94ef39f/resourceGroups/rg-bookreview-prod/providers/Microsoft.Network/applicationGateways/appgw-bookreview/httpListeners/http-listener",
                "name": "http-listener",
                "protocol": "Http",
                "require_sni": false,
                "ssl_certificate_id": "",
                "ssl_certificate_name": "",
                "ssl_profile_id": "",
                "ssl_profile_name": ""
              }
            ],
            "id": "/subscriptions/ba1de758-270b-45d0-a627-cd05e94ef39f/resourceGroups/rg-bookreview-prod/providers/Microsoft.Network/applicationGateways/appgw-bookreview",
            "identity": [],
            "location": "southindia",
            "name": "appgw-bookreview",
            "private_endpoint_connection": [],
            "private_link_configuration": [],
            "probe": [],
            "redirect_configuration": [],
            "request_routing_rule": [
              {
                "backend_address_pool_id": "/subscriptions/ba1de758-270b-45d0-a627-cd05e94ef39f/resourceGroups/rg-bookreview-prod/providers/Microsoft.Network/applicationGateways/appgw-bookreview/backendAddressPools/web-backend-pool",
                "backend_address_pool_name": "web-backend-pool",
                "backend_http_settings_id": "/subscriptions/ba1de758-270b-45d0-a627-cd05e94ef39f/resourceGroups/rg-bookreview-prod/providers/Microsoft.Network/applicationGateways/appgw-bookreview/backendHttpSettingsCollection/http-settings",
                "backend_http_settings_name": "http-settings",
                "http_listener_id": "/subscriptions/ba1de758-270b-45d0-a627-cd05e94ef39f/resourceGroups/rg-bookreview-prod/providers/Microsoft.Network/applicationGateways/appgw-bookreview/httpListeners/http-listener",
                "http_listener_name": "http-listener",
                "id": "/subscriptions/ba1de758-270b-45d0-a627-cd05e94ef39f/resourceGroups/rg-bookreview-prod/providers/Microsoft.Network/applicationGateways/appgw-bookreview/requestRoutingRules/routing-rule",
                "name": "routing-rule",
                "priority": 100,
                "redirect_configuration_id": "",
                "redirect_configuration_name": "",
                "rewrite_rule_set_id": "",
                "rewrite_rule_set_name": "",
                "rule_type": "Basic",
                "url_path_map_id": "",
                "url_path_map_name": ""
              }
            ],
            "resource_group_name": "rg-bookreview-prod",
            "rewrite_rule_set": [],
            "sku": [
              {
                "capacity": 1,
                "name": "Standard_v2",
                "tier": "Standard_v2"
              }
            ],
            "ssl_certificate": [],
            "ssl_policy": [
              {
                "cipher_suites": null,
                "disabled_protocols": null,
                "min_protocol_version": "",
                "policy_name": "AppGwSslPolicy20220101",
                "policy_type": "Predefined"
              }
            ],
            "ssl_profile": [],
            "tags": null,
            "timeouts": null,
            "trusted_client_certificate": [],
            "trusted_root_certificate": [],
            "url_path_map": [],
            "waf_configuration": [],
            "zones": null
          },
          "sensitive_attributes": [],
          "identity_schema_version": 0,
          "private": "eyJlMmJmYjczMC1lY2FhLTExZTYtOGY4OC0zNDM2M2JjN2M0YzAiOnsiY3JlYXRlIjo1NDAwMDAwMDAwMDAwLCJkZWxldGUiOjU0MDAwMDAwMDAwMDAsInJlYWQiOjMwMDAwMDAwMDAwMCwidXBkYXRlIjo1NDAwMDAwMDAwMDAwfX0=",
          "dependencies": [
            "azurerm_network_interface.web_nic",
            "azurerm_public_ip.appgw_pip",
            "azurerm_resource_group.rg",
            "azurerm_subnet.appgw",
            "azurerm_subnet.web",
            "azurerm_virtual_network.vnet"
          ]
        }
      ]
    },
    {
      "mode": "managed",
      "type": "azurerm_key_vault",
      "name": "kv",
      "provider": "provider[\"registry.terraform.io/hashicorp/azurerm\"]",
      "instances": [
        {
          "schema_version": 2,
          "attributes": {
            "access_policy": [
              {
                "application_id": "",
                "certificate_permissions": null,
                "key_permissions": null,
                "object_id": "5c660ff9-c61d-4976-904d-0633c1fde7b7",
                "secret_permissions": [
                  "Get",
                  "List",
                  "Set",
                  "Delete",
                  "Purge"
                ],
                "storage_permissions": null,
                "tenant_id": "64640742-8394-4205-bcc4-9459ca0dd49a"
              }
            ],
            "contact": [],
            "enable_rbac_authorization": false,
            "enabled_for_deployment": false,
            "enabled_for_disk_encryption": true,
            "enabled_for_template_deployment": false,
            "id": "/subscriptions/ba1de758-270b-45d0-a627-cd05e94ef39f/resourceGroups/rg-bookreview-prod/providers/Microsoft.KeyVault/vaults/kv-bookreview-free-01",
            "location": "southindia",
            "name": "kv-bookreview-free-01",
            "network_acls": [
              {
                "bypass": "AzureServices",
                "default_action": "Allow",
                "ip_rules": [],
                "virtual_network_subnet_ids": []
              }
            ],
            "public_network_access_enabled": true,
            "purge_protection_enabled": false,
            "resource_group_name": "rg-bookreview-prod",
            "sku_name": "standard",
            "soft_delete_retention_days": 7,
            "tags": null,
            "tenant_id": "64640742-8394-4205-bcc4-9459ca0dd49a",
            "timeouts": null,
            "vault_uri": "https://kv-bookreview-free-01.vault.azure.net/"
          },
          "sensitive_attributes": [],
          "identity_schema_version": 0,
          "private": "eyJlMmJmYjczMC1lY2FhLTExZTYtOGY4OC0zNDM2M2JjN2M0YzAiOnsiY3JlYXRlIjoxODAwMDAwMDAwMDAwLCJkZWxldGUiOjE4MDAwMDAwMDAwMDAsInJlYWQiOjMwMDAwMDAwMDAwMCwidXBkYXRlIjoxODAwMDAwMDAwMDAwfSwic2NoZW1hX3ZlcnNpb24iOiIyIn0=",
          "dependencies": [
            "azurerm_resource_group.rg",
            "data.azurerm_client_config.current"
          ]
        }
      ]
    },
    {
      "mode": "managed",
      "type": "azurerm_key_vault_secret",
      "name": "db_password_secret",
      "provider": "provider[\"registry.terraform.io/hashicorp/azurerm\"]",
      "instances": [
        {
          "schema_version": 0,
          "attributes": {
            "content_type": "",
            "expiration_date": null,
            "id": "https://kv-bookreview-free-01.vault.azure.net/secrets/db-password/1e83dd5a19f84971ac0e73647316a81f",
            "key_vault_id": "/subscriptions/ba1de758-270b-45d0-a627-cd05e94ef39f/resourceGroups/rg-bookreview-prod/providers/Microsoft.KeyVault/vaults/kv-bookreview-free-01",
            "name": "db-password",
            "not_before_date": null,
            "resource_id": "/subscriptions/ba1de758-270b-45d0-a627-cd05e94ef39f/resourceGroups/rg-bookreview-prod/providers/Microsoft.KeyVault/vaults/kv-bookreview-free-01/secrets/db-password/versions/1e83dd5a19f84971ac0e73647316a81f",
            "resource_versionless_id": "/subscriptions/ba1de758-270b-45d0-a627-cd05e94ef39f/resourceGroups/rg-bookreview-prod/providers/Microsoft.KeyVault/vaults/kv-bookreview-free-01/secrets/db-password",
            "tags": {},
            "timeouts": null,
            "value": "oj1V[YVy#0(FzsDM",
            "version": "1e83dd5a19f84971ac0e73647316a81f",
            "versionless_id": "https://kv-bookreview-free-01.vault.azure.net/secrets/db-password"
          },
          "sensitive_attributes": [
            [
              {
                "type": "get_attr",
                "value": "value"
              }
            ]
          ],
          "identity_schema_version": 0,
          "private": "eyJlMmJmYjczMC1lY2FhLTExZTYtOGY4OC0zNDM2M2JjN2M0YzAiOnsiY3JlYXRlIjoxODAwMDAwMDAwMDAwLCJkZWxldGUiOjE4MDAwMDAwMDAwMDAsInJlYWQiOjE4MDAwMDAwMDAwMDAsInVwZGF0ZSI6MTgwMDAwMDAwMDAwMH0sInNjaGVtYV92ZXJzaW9uIjoiMCJ9"
        }
      ]
    },
    {
      "mode": "managed",
      "type": "azurerm_lb",
      "name": "ilb_app",
      "provider": "provider[\"registry.terraform.io/hashicorp/azurerm\"]",
      "instances": [
        {
          "schema_version": 0,
          "attributes": {
            "edge_zone": "",
            "frontend_ip_configuration": [
              {
                "gateway_load_balancer_frontend_ip_configuration_id": "",
                "id": "/subscriptions/ba1de758-270b-45d0-a627-cd05e94ef39f/resourceGroups/rg-bookreview-prod/providers/Microsoft.Network/loadBalancers/ilb-app-tier/frontendIPConfigurations/internal-app-ip",
                "inbound_nat_rules": [],
                "load_balancer_rules": [],
                "name": "internal-app-ip",
                "outbound_rules": [],
                "private_ip_address": "10.0.2.4",
                "private_ip_address_allocation": "Dynamic",
                "private_ip_address_version": "IPv4",
                "public_ip_address_id": "",
                "public_ip_prefix_id": "",
                "subnet_id": "/subscriptions/ba1de758-270b-45d0-a627-cd05e94ef39f/resourceGroups/rg-bookreview-prod/providers/Microsoft.Network/virtualNetworks/vnet-bookreview-prod/subnets/snet-app",
                "zones": null
              }
            ],
            "id": "/subscriptions/ba1de758-270b-45d0-a627-cd05e94ef39f/resourceGroups/rg-bookreview-prod/providers/Microsoft.Network/loadBalancers/ilb-app-tier",
            "location": "southindia",
            "name": "ilb-app-tier",
            "private_ip_address": "10.0.2.4",
            "private_ip_addresses": [
              "10.0.2.4"
            ],
            "resource_group_name": "rg-bookreview-prod",
            "sku": "Standard",
            "sku_tier": "Regional",
            "tags": null,
            "timeouts": null
          },
          "sensitive_attributes": [],
          "identity_schema_version": 0,
          "private": "eyJlMmJmYjczMC1lY2FhLTExZTYtOGY4OC0zNDM2M2JjN2M0YzAiOnsiY3JlYXRlIjoxODAwMDAwMDAwMDAwLCJkZWxldGUiOjE4MDAwMDAwMDAwMDAsInJlYWQiOjMwMDAwMDAwMDAwMCwidXBkYXRlIjoxODAwMDAwMDAwMDAwfX0=",
          "dependencies": [
            "azurerm_resource_group.rg",
            "azurerm_subnet.app",
            "azurerm_virtual_network.vnet"
          ]
        }
      ]
    },
    {
      "mode": "managed",
      "type": "azurerm_lb_backend_address_pool",
      "name": "app_backend_pool",
      "provider": "provider[\"registry.terraform.io/hashicorp/azurerm\"]",
      "instances": [
        {
          "schema_version": 0,
          "attributes": {
            "backend_ip_configurations": [],
            "id": "/subscriptions/ba1de758-270b-45d0-a627-cd05e94ef39f/resourceGroups/rg-bookreview-prod/providers/Microsoft.Network/loadBalancers/ilb-app-tier/backendAddressPools/app-backend-pool",
            "inbound_nat_rules": [],
            "load_balancing_rules": [],
            "loadbalancer_id": "/subscriptions/ba1de758-270b-45d0-a627-cd05e94ef39f/resourceGroups/rg-bookreview-prod/providers/Microsoft.Network/loadBalancers/ilb-app-tier",
            "name": "app-backend-pool",
            "outbound_rules": [],
            "timeouts": null,
            "tunnel_interface": [],
            "virtual_network_id": ""
          },
          "sensitive_attributes": [],
          "identity_schema_version": 0,
          "private": "eyJlMmJmYjczMC1lY2FhLTExZTYtOGY4OC0zNDM2M2JjN2M0YzAiOnsiY3JlYXRlIjoxODAwMDAwMDAwMDAwLCJkZWxldGUiOjE4MDAwMDAwMDAwMDAsInJlYWQiOjMwMDAwMDAwMDAwMCwidXBkYXRlIjoxODAwMDAwMDAwMDAwfX0=",
          "dependencies": [
            "azurerm_lb.ilb_app",
            "azurerm_resource_group.rg",
            "azurerm_subnet.app",
            "azurerm_virtual_network.vnet"
          ]
        }
      ]
    },
    {
      "mode": "managed",
      "type": "azurerm_linux_virtual_machine",
      "name": "vm_app",
      "provider": "provider[\"registry.terraform.io/hashicorp/azurerm\"]",
      "instances": [
        {
          "schema_version": 0,
          "attributes": {
            "additional_capabilities": [],
            "admin_password": "s3HZVKn:EauhM}7j",
            "admin_ssh_key": [],
            "admin_username": "azureuser",
            "allow_extension_operations": true,
            "availability_set_id": "",
            "boot_diagnostics": [],
            "bypass_platform_safety_checks_on_user_schedule_enabled": false,
            "capacity_reservation_group_id": "",
            "computer_name": "vm-app-0",
            "custom_data": null,
            "dedicated_host_group_id": "",
            "dedicated_host_id": "",
            "disable_password_authentication": false,
            "edge_zone": "",
            "encryption_at_host_enabled": false,
            "eviction_policy": "",
            "extensions_time_budget": "PT1H30M",
            "gallery_application": [],
            "id": "/subscriptions/ba1de758-270b-45d0-a627-cd05e94ef39f/resourceGroups/rg-bookreview-prod/providers/Microsoft.Compute/virtualMachines/vm-app-0",
            "identity": [],
            "license_type": "",
            "location": "southindia",
            "max_bid_price": -1,
            "name": "vm-app-0",
            "network_interface_ids": [
              "/subscriptions/ba1de758-270b-45d0-a627-cd05e94ef39f/resourceGroups/rg-bookreview-prod/providers/Microsoft.Network/networkInterfaces/nic-app-0"
            ],
            "os_disk": [
              {
                "caching": "ReadWrite",
                "diff_disk_settings": [],
                "disk_encryption_set_id": "",
                "disk_size_gb": 30,
                "name": "osdisk-app-0",
                "secure_vm_disk_encryption_set_id": "",
                "security_encryption_type": "",
                "storage_account_type": "Premium_LRS",
                "write_accelerator_enabled": false
              }
            ],
            "patch_assessment_mode": "ImageDefault",
            "patch_mode": "ImageDefault",
            "plan": [],
            "platform_fault_domain": -1,
            "priority": "Regular",
            "private_ip_address": "10.0.2.5",
            "private_ip_addresses": [
              "10.0.2.5"
            ],
            "provision_vm_agent": true,
            "proximity_placement_group_id": "",
            "public_ip_address": "",
            "public_ip_addresses": [],
            "reboot_setting": "",
            "resource_group_name": "rg-bookreview-prod",
            "secret": [],
            "secure_boot_enabled": true,
            "size": "Standard_B2ats_v2",
            "source_image_id": "",
            "source_image_reference": [
              {
                "offer": "ubuntu-24_04-lts",
                "publisher": "canonical",
                "sku": "server",
                "version": "latest"
              }
            ],
            "tags": null,
            "termination_notification": [],
            "timeouts": null,
            "user_data": "",
            "virtual_machine_id": "ae43a6b2-5016-4de1-8a7b-0202064a1630",
            "virtual_machine_scale_set_id": "",
            "vtpm_enabled": true,
            "zone": ""
          },
          "sensitive_attributes": [
            [
              {
                "type": "get_attr",
                "value": "admin_password"
              }
            ],
            [
              {
                "type": "get_attr",
                "value": "custom_data"
              }
            ]
          ],
          "identity_schema_version": 0,
          "private": "eyJlMmJmYjczMC1lY2FhLTExZTYtOGY4OC0zNDM2M2JjN2M0YzAiOnsiY3JlYXRlIjoyNzAwMDAwMDAwMDAwLCJkZWxldGUiOjI3MDAwMDAwMDAwMDAsInJlYWQiOjMwMDAwMDAwMDAwMCwidXBkYXRlIjoyNzAwMDAwMDAwMDAwfX0=",
          "dependencies": [
            "azurerm_network_interface.app_nic",
            "azurerm_resource_group.rg",
            "azurerm_subnet.app",
            "azurerm_virtual_network.vnet",
            "random_password.admin_password"
          ]
        }
      ]
    },
    {
      "mode": "managed",
      "type": "azurerm_linux_virtual_machine",
      "name": "vm_web",
      "provider": "provider[\"registry.terraform.io/hashicorp/azurerm\"]",
      "instances": [
        {
          "schema_version": 0,
          "attributes": {
            "additional_capabilities": [],
            "admin_password": "s3HZVKn:EauhM}7j",
            "admin_ssh_key": [],
            "admin_username": "azureuser",
            "allow_extension_operations": true,
            "availability_set_id": "",
            "boot_diagnostics": [],
            "bypass_platform_safety_checks_on_user_schedule_enabled": false,
            "capacity_reservation_group_id": "",
            "computer_name": "vm-web-0",
            "custom_data": null,
            "dedicated_host_group_id": "",
            "dedicated_host_id": "",
            "disable_password_authentication": false,
            "edge_zone": "",
            "encryption_at_host_enabled": false,
            "eviction_policy": "",
            "extensions_time_budget": "PT1H30M",
            "gallery_application": [],
            "id": "/subscriptions/ba1de758-270b-45d0-a627-cd05e94ef39f/resourceGroups/rg-bookreview-prod/providers/Microsoft.Compute/virtualMachines/vm-web-0",
            "identity": [],
            "license_type": "",
            "location": "southindia",
            "max_bid_price": -1,
            "name": "vm-web-0",
            "network_interface_ids": [
              "/subscriptions/ba1de758-270b-45d0-a627-cd05e94ef39f/resourceGroups/rg-bookreview-prod/providers/Microsoft.Network/networkInterfaces/nic-web-0"
            ],
            "os_disk": [
              {
                "caching": "ReadWrite",
                "diff_disk_settings": [],
                "disk_encryption_set_id": "",
                "disk_size_gb": 30,
                "name": "osdisk-web-0",
                "secure_vm_disk_encryption_set_id": "",
                "security_encryption_type": "",
                "storage_account_type": "Premium_LRS",
                "write_accelerator_enabled": false
              }
            ],
            "patch_assessment_mode": "ImageDefault",
            "patch_mode": "ImageDefault",
            "plan": [],
            "platform_fault_domain": -1,
            "priority": "Regular",
            "private_ip_address": "10.0.1.4",
            "private_ip_addresses": [
              "10.0.1.4"
            ],
            "provision_vm_agent": true,
            "proximity_placement_group_id": "",
            "public_ip_address": "",
            "public_ip_addresses": [],
            "reboot_setting": "",
            "resource_group_name": "rg-bookreview-prod",
            "secret": [],
            "secure_boot_enabled": true,
            "size": "Standard_B2ats_v2",
            "source_image_id": "",
            "source_image_reference": [
              {
                "offer": "ubuntu-24_04-lts",
                "publisher": "canonical",
                "sku": "server",
                "version": "latest"
              }
            ],
            "tags": null,
            "termination_notification": [],
            "timeouts": null,
            "user_data": "",
            "virtual_machine_id": "da330f3d-f9ce-4508-b110-7050c4a1480a",
            "virtual_machine_scale_set_id": "",
            "vtpm_enabled": true,
            "zone": ""
          },
          "sensitive_attributes": [
            [
              {
                "type": "get_attr",
                "value": "admin_password"
              }
            ],
            [
              {
                "type": "get_attr",
                "value": "custom_data"
              }
            ]
          ],
          "identity_schema_version": 0,
          "private": "eyJlMmJmYjczMC1lY2FhLTExZTYtOGY4OC0zNDM2M2JjN2M0YzAiOnsiY3JlYXRlIjoyNzAwMDAwMDAwMDAwLCJkZWxldGUiOjI3MDAwMDAwMDAwMDAsInJlYWQiOjMwMDAwMDAwMDAwMCwidXBkYXRlIjoyNzAwMDAwMDAwMDAwfX0=",
          "dependencies": [
            "azurerm_network_interface.web_nic",
            "azurerm_resource_group.rg",
            "azurerm_subnet.web",
            "azurerm_virtual_network.vnet",
            "random_password.admin_password"
          ]
        }
      ]
    },
    {
      "mode": "managed",
      "type": "azurerm_log_analytics_workspace",
      "name": "law",
      "provider": "provider[\"registry.terraform.io/hashicorp/azurerm\"]",
      "instances": [
        {
          "schema_version": 3,
          "attributes": {
            "allow_resource_only_permissions": true,
            "cmk_for_query_forced": false,
            "daily_quota_gb": -1,
            "data_collection_rule_id": "",
            "id": "/subscriptions/ba1de758-270b-45d0-a627-cd05e94ef39f/resourceGroups/rg-bookreview-prod/providers/Microsoft.OperationalInsights/workspaces/law-bookreview-prod",
            "identity": [],
            "immediate_data_purge_on_30_days_enabled": false,
            "internet_ingestion_enabled": true,
            "internet_query_enabled": true,
            "local_authentication_disabled": false,
            "location": "southindia",
            "name": "law-bookreview-prod",
            "primary_shared_key": "LJinxWL1+15jD7GfqN//q06QDiWSak8xf0DIGFXc3TC6EzkPNbfNi3dUWd5EvuBV+a0kHOfpAKbXbpmozP8VcQ==",
            "reservation_capacity_in_gb_per_day": null,
            "resource_group_name": "rg-bookreview-prod",
            "retention_in_days": 30,
            "secondary_shared_key": "PhFh7WpqkeGMaZQ01Cs7o9ErZ7LYKy1P0fd6TIigmUCU6HMBf5YxPQ7MJOoKDKMugi4UQ1Ba7lkpItXO6xjC5A==",
            "sku": "PerGB2018",
            "tags": null,
            "timeouts": null,
            "workspace_id": "3a731793-519e-4bdb-be22-98d762575a5b"
          },
          "sensitive_attributes": [
            [
              {
                "type": "get_attr",
                "value": "primary_shared_key"
              }
            ],
            [
              {
                "type": "get_attr",
                "value": "secondary_shared_key"
              }
            ]
          ],
          "identity_schema_version": 0,
          "private": "eyJlMmJmYjczMC1lY2FhLTExZTYtOGY4OC0zNDM2M2JjN2M0YzAiOnsiY3JlYXRlIjoxODAwMDAwMDAwMDAwLCJkZWxldGUiOjE4MDAwMDAwMDAwMDAsInJlYWQiOjMwMDAwMDAwMDAwMCwidXBkYXRlIjoxODAwMDAwMDAwMDAwfSwic2NoZW1hX3ZlcnNpb24iOiIzIn0=",
          "dependencies": [
            "azurerm_resource_group.rg"
          ]
        }
      ]
    },
    {
      "mode": "managed",
      "type": "azurerm_network_interface",
      "name": "app_nic",
      "provider": "provider[\"registry.terraform.io/hashicorp/azurerm\"]",
      "instances": [
        {
          "index_key": 0,
          "schema_version": 0,
          "attributes": {
            "applied_dns_servers": [],
            "auxiliary_mode": "",
            "auxiliary_sku": "",
            "dns_servers": [],
            "edge_zone": "",
            "enable_accelerated_networking": false,
            "enable_ip_forwarding": false,
            "id": "/subscriptions/ba1de758-270b-45d0-a627-cd05e94ef39f/resourceGroups/rg-bookreview-prod/providers/Microsoft.Network/networkInterfaces/nic-app-0",
            "internal_dns_name_label": "",
            "internal_domain_name_suffix": "ro5lv15xhg3ezg5t0vcscz3kfh.tx.internal.cloudapp.net",
            "ip_configuration": [
              {
                "gateway_load_balancer_frontend_ip_configuration_id": "",
                "name": "internal",
                "primary": true,
                "private_ip_address": "10.0.2.5",
                "private_ip_address_allocation": "Dynamic",
                "private_ip_address_version": "IPv4",
                "public_ip_address_id": "",
                "subnet_id": "/subscriptions/ba1de758-270b-45d0-a627-cd05e94ef39f/resourceGroups/rg-bookreview-prod/providers/Microsoft.Network/virtualNetworks/vnet-bookreview-prod/subnets/snet-app"
              }
            ],
            "location": "southindia",
            "mac_address": "",
            "name": "nic-app-0",
            "private_ip_address": "10.0.2.5",
            "private_ip_addresses": [
              "10.0.2.5"
            ],
            "resource_group_name": "rg-bookreview-prod",
            "tags": null,
            "timeouts": null,
            "virtual_machine_id": ""
          },
          "sensitive_attributes": [],
          "identity_schema_version": 0,
          "private": "eyJlMmJmYjczMC1lY2FhLTExZTYtOGY4OC0zNDM2M2JjN2M0YzAiOnsiY3JlYXRlIjoxODAwMDAwMDAwMDAwLCJkZWxldGUiOjE4MDAwMDAwMDAwMDAsInJlYWQiOjMwMDAwMDAwMDAwMCwidXBkYXRlIjoxODAwMDAwMDAwMDAwfX0=",
          "dependencies": [
            "azurerm_resource_group.rg",
            "azurerm_subnet.app",
            "azurerm_virtual_network.vnet"
          ]
        }
      ]
    },
    {
      "mode": "managed",
      "type": "azurerm_network_interface",
      "name": "web_nic",
      "provider": "provider[\"registry.terraform.io/hashicorp/azurerm\"]",
      "instances": [
        {
          "index_key": 0,
          "schema_version": 0,
          "attributes": {
            "applied_dns_servers": [],
            "auxiliary_mode": "",
            "auxiliary_sku": "",
            "dns_servers": [],
            "edge_zone": "",
            "enable_accelerated_networking": false,
            "enable_ip_forwarding": false,
            "id": "/subscriptions/ba1de758-270b-45d0-a627-cd05e94ef39f/resourceGroups/rg-bookreview-prod/providers/Microsoft.Network/networkInterfaces/nic-web-0",
            "internal_dns_name_label": "",
            "internal_domain_name_suffix": "ro5lv15xhg3ezg5t0vcscz3kfh.tx.internal.cloudapp.net",
            "ip_configuration": [
              {
                "gateway_load_balancer_frontend_ip_configuration_id": "",
                "name": "internal",
                "primary": true,
                "private_ip_address": "10.0.1.4",
                "private_ip_address_allocation": "Dynamic",
                "private_ip_address_version": "IPv4",
                "public_ip_address_id": "",
                "subnet_id": "/subscriptions/ba1de758-270b-45d0-a627-cd05e94ef39f/resourceGroups/rg-bookreview-prod/providers/Microsoft.Network/virtualNetworks/vnet-bookreview-prod/subnets/snet-web"
              }
            ],
            "location": "southindia",
            "mac_address": "",
            "name": "nic-web-0",
            "private_ip_address": "10.0.1.4",
            "private_ip_addresses": [
              "10.0.1.4"
            ],
            "resource_group_name": "rg-bookreview-prod",
            "tags": null,
            "timeouts": null,
            "virtual_machine_id": ""
          },
          "sensitive_attributes": [],
          "identity_schema_version": 0,
          "private": "eyJlMmJmYjczMC1lY2FhLTExZTYtOGY4OC0zNDM2M2JjN2M0YzAiOnsiY3JlYXRlIjoxODAwMDAwMDAwMDAwLCJkZWxldGUiOjE4MDAwMDAwMDAwMDAsInJlYWQiOjMwMDAwMDAwMDAwMCwidXBkYXRlIjoxODAwMDAwMDAwMDAwfX0=",
          "dependencies": [
            "azurerm_resource_group.rg",
            "azurerm_subnet.web",
            "azurerm_virtual_network.vnet"
          ]
        }
      ]
    },
    {
      "mode": "managed",
      "type": "azurerm_network_interface_backend_address_pool_association",
      "name": "app_nic_assoc",
      "provider": "provider[\"registry.terraform.io/hashicorp/azurerm\"]",
      "instances": [
        {
          "index_key": 0,
          "schema_version": 0,
          "attributes": {
            "backend_address_pool_id": "/subscriptions/ba1de758-270b-45d0-a627-cd05e94ef39f/resourceGroups/rg-bookreview-prod/providers/Microsoft.Network/loadBalancers/ilb-app-tier/backendAddressPools/app-backend-pool",
            "id": "/subscriptions/ba1de758-270b-45d0-a627-cd05e94ef39f/resourceGroups/rg-bookreview-prod/providers/Microsoft.Network/networkInterfaces/nic-app-0/ipConfigurations/internal|/subscriptions/ba1de758-270b-45d0-a627-cd05e94ef39f/resourceGroups/rg-bookreview-prod/providers/Microsoft.Network/loadBalancers/ilb-app-tier/backendAddressPools/app-backend-pool",
            "ip_configuration_name": "internal",
            "network_interface_id": "/subscriptions/ba1de758-270b-45d0-a627-cd05e94ef39f/resourceGroups/rg-bookreview-prod/providers/Microsoft.Network/networkInterfaces/nic-app-0",
            "timeouts": null
          },
          "sensitive_attributes": [],
          "identity_schema_version": 0,
          "private": "eyJlMmJmYjczMC1lY2FhLTExZTYtOGY4OC0zNDM2M2JjN2M0YzAiOnsiY3JlYXRlIjoxODAwMDAwMDAwMDAwLCJkZWxldGUiOjE4MDAwMDAwMDAwMDAsInJlYWQiOjMwMDAwMDAwMDAwMH19",
          "dependencies": [
            "azurerm_lb.ilb_app",
            "azurerm_lb_backend_address_pool.app_backend_pool",
            "azurerm_network_interface.app_nic",
            "azurerm_resource_group.rg",
            "azurerm_subnet.app",
            "azurerm_virtual_network.vnet"
          ]
        }
      ]
    },
    {
      "mode": "managed",
      "type": "azurerm_network_security_group",
      "name": "nsg_app",
      "provider": "provider[\"registry.terraform.io/hashicorp/azurerm\"]",
      "instances": [
        {
          "schema_version": 0,
          "attributes": {
            "id": "/subscriptions/ba1de758-270b-45d0-a627-cd05e94ef39f/resourceGroups/rg-bookreview-prod/providers/Microsoft.Network/networkSecurityGroups/nsg-app",
            "location": "southindia",
            "name": "nsg-app",
            "resource_group_name": "rg-bookreview-prod",
            "security_rule": [
              {
                "access": "Allow",
                "description": "",
                "destination_address_prefix": "*",
                "destination_address_prefixes": [],
                "destination_application_security_group_ids": [],
                "destination_port_range": "5000",
                "destination_port_ranges": [],
                "direction": "Inbound",
                "name": "Allow_Web_Tier_Inbound",
                "priority": 100,
                "protocol": "Tcp",
                "source_address_prefix": "10.0.1.0/24",
                "source_address_prefixes": [],
                "source_application_security_group_ids": [],
                "source_port_range": "*",
                "source_port_ranges": []
              }
            ],
            "tags": null,
            "timeouts": null
          },
          "sensitive_attributes": [],
          "identity_schema_version": 0,
          "private": "eyJlMmJmYjczMC1lY2FhLTExZTYtOGY4OC0zNDM2M2JjN2M0YzAiOnsiY3JlYXRlIjoxODAwMDAwMDAwMDAwLCJkZWxldGUiOjE4MDAwMDAwMDAwMDAsInJlYWQiOjMwMDAwMDAwMDAwMCwidXBkYXRlIjoxODAwMDAwMDAwMDAwfX0=",
          "dependencies": [
            "azurerm_resource_group.rg"
          ]
        }
      ]
    },
    {
      "mode": "managed",
      "type": "azurerm_network_security_group",
      "name": "nsg_web",
      "provider": "provider[\"registry.terraform.io/hashicorp/azurerm\"]",
      "instances": [
        {
          "schema_version": 0,
          "attributes": {
            "id": "/subscriptions/ba1de758-270b-45d0-a627-cd05e94ef39f/resourceGroups/rg-bookreview-prod/providers/Microsoft.Network/networkSecurityGroups/nsg-web",
            "location": "southindia",
            "name": "nsg-web",
            "resource_group_name": "rg-bookreview-prod",
            "security_rule": [
              {
                "access": "Allow",
                "description": "",
                "destination_address_prefix": "*",
                "destination_address_prefixes": [],
                "destination_application_security_group_ids": [],
                "destination_port_range": "80",
                "destination_port_ranges": [],
                "direction": "Inbound",
                "name": "Allow_AppGW_Inbound",
                "priority": 100,
                "protocol": "Tcp",
                "source_address_prefix": "10.0.0.0/24",
                "source_address_prefixes": [],
                "source_application_security_group_ids": [],
                "source_port_range": "*",
                "source_port_ranges": []
              }
            ],
            "tags": null,
            "timeouts": null
          },
          "sensitive_attributes": [],
          "identity_schema_version": 0,
          "private": "eyJlMmJmYjczMC1lY2FhLTExZTYtOGY4OC0zNDM2M2JjN2M0YzAiOnsiY3JlYXRlIjoxODAwMDAwMDAwMDAwLCJkZWxldGUiOjE4MDAwMDAwMDAwMDAsInJlYWQiOjMwMDAwMDAwMDAwMCwidXBkYXRlIjoxODAwMDAwMDAwMDAwfX0=",
          "dependencies": [
            "azurerm_resource_group.rg"
          ]
        }
      ]
    },
    {
      "mode": "managed",
      "type": "azurerm_private_dns_zone",
      "name": "dns_zone",
      "provider": "provider[\"registry.terraform.io/hashicorp/azurerm\"]",
      "instances": [
        {
          "schema_version": 0,
          "attributes": {
            "id": "/subscriptions/ba1de758-270b-45d0-a627-cd05e94ef39f/resourceGroups/rg-bookreview-prod/providers/Microsoft.Network/privateDnsZones/bookreview.postgres.database.azure.com",
            "max_number_of_record_sets": 25000,
            "max_number_of_virtual_network_links": 1000,
            "max_number_of_virtual_network_links_with_registration": 100,
            "name": "bookreview.postgres.database.azure.com",
            "number_of_record_sets": 1,
            "resource_group_name": "rg-bookreview-prod",
            "soa_record": [
              {
                "email": "azureprivatedns-host.microsoft.com",
                "expire_time": 2419200,
                "fqdn": "bookreview.postgres.database.azure.com.",
                "host_name": "azureprivatedns.net",
                "minimum_ttl": 10,
                "refresh_time": 3600,
                "retry_time": 300,
                "serial_number": 1,
                "tags": {},
                "ttl": 3600
              }
            ],
            "tags": null,
            "timeouts": null
          },
          "sensitive_attributes": [],
          "identity_schema_version": 0,
          "private": "eyJlMmJmYjczMC1lY2FhLTExZTYtOGY4OC0zNDM2M2JjN2M0YzAiOnsiY3JlYXRlIjoxODAwMDAwMDAwMDAwLCJkZWxldGUiOjE4MDAwMDAwMDAwMDAsInJlYWQiOjMwMDAwMDAwMDAwMCwidXBkYXRlIjoxODAwMDAwMDAwMDAwfX0=",
          "dependencies": [
            "azurerm_resource_group.rg"
          ]
        }
      ]
    },
    {
      "mode": "managed",
      "type": "azurerm_private_dns_zone_virtual_network_link",
      "name": "dns_link",
      "provider": "provider[\"registry.terraform.io/hashicorp/azurerm\"]",
      "instances": [
        {
          "schema_version": 0,
          "attributes": {
            "id": "/subscriptions/ba1de758-270b-45d0-a627-cd05e94ef39f/resourceGroups/rg-bookreview-prod/providers/Microsoft.Network/privateDnsZones/bookreview.postgres.database.azure.com/virtualNetworkLinks/dns-link-vnet",
            "name": "dns-link-vnet",
            "private_dns_zone_name": "bookreview.postgres.database.azure.com",
            "registration_enabled": false,
            "resource_group_name": "rg-bookreview-prod",
            "tags": null,
            "timeouts": null,
            "virtual_network_id": "/subscriptions/ba1de758-270b-45d0-a627-cd05e94ef39f/resourceGroups/rg-bookreview-prod/providers/Microsoft.Network/virtualNetworks/vnet-bookreview-prod"
          },
          "sensitive_attributes": [],
          "identity_schema_version": 0,
          "private": "eyJlMmJmYjczMC1lY2FhLTExZTYtOGY4OC0zNDM2M2JjN2M0YzAiOnsiY3JlYXRlIjoxODAwMDAwMDAwMDAwLCJkZWxldGUiOjE4MDAwMDAwMDAwMDAsInJlYWQiOjMwMDAwMDAwMDAwMCwidXBkYXRlIjoxODAwMDAwMDAwMDAwfX0=",
          "dependencies": [
            "azurerm_private_dns_zone.dns_zone",
            "azurerm_resource_group.rg",
            "azurerm_virtual_network.vnet"
          ]
        }
      ]
    },
    {
      "mode": "managed",
      "type": "azurerm_public_ip",
      "name": "appgw_pip",
      "provider": "provider[\"registry.terraform.io/hashicorp/azurerm\"]",
      "instances": [
        {
          "schema_version": 0,
          "attributes": {
            "allocation_method": "Static",
            "ddos_protection_mode": "VirtualNetworkInherited",
            "ddos_protection_plan_id": null,
            "domain_name_label": null,
            "edge_zone": "",
            "fqdn": null,
            "id": "/subscriptions/ba1de758-270b-45d0-a627-cd05e94ef39f/resourceGroups/rg-bookreview-prod/providers/Microsoft.Network/publicIPAddresses/pip-appgw",
            "idle_timeout_in_minutes": 4,
            "ip_address": "20.235.20.66",
            "ip_tags": null,
            "ip_version": "IPv4",
            "location": "southindia",
            "name": "pip-appgw",
            "public_ip_prefix_id": null,
            "resource_group_name": "rg-bookreview-prod",
            "reverse_fqdn": null,
            "sku": "Standard",
            "sku_tier": "Regional",
            "tags": null,
            "timeouts": null,
            "zones": null
          },
          "sensitive_attributes": [],
          "identity_schema_version": 0,
          "private": "eyJlMmJmYjczMC1lY2FhLTExZTYtOGY4OC0zNDM2M2JjN2M0YzAiOnsiY3JlYXRlIjoxODAwMDAwMDAwMDAwLCJkZWxldGUiOjE4MDAwMDAwMDAwMDAsInJlYWQiOjMwMDAwMDAwMDAwMCwidXBkYXRlIjoxODAwMDAwMDAwMDAwfX0=",
          "dependencies": [
            "azurerm_resource_group.rg"
          ]
        }
      ]
    },
    {
      "mode": "managed",
      "type": "azurerm_resource_group",
      "name": "rg",
      "provider": "provider[\"registry.terraform.io/hashicorp/azurerm\"]",
      "instances": [
        {
          "schema_version": 0,
          "attributes": {
            "id": "/subscriptions/ba1de758-270b-45d0-a627-cd05e94ef39f/resourceGroups/rg-bookreview-prod",
            "location": "southindia",
            "managed_by": "",
            "name": "rg-bookreview-prod",
            "tags": null,
            "timeouts": null
          },
          "sensitive_attributes": [],
          "identity_schema_version": 0,
          "private": "eyJlMmJmYjczMC1lY2FhLTExZTYtOGY4OC0zNDM2M2JjN2M0YzAiOnsiY3JlYXRlIjo1NDAwMDAwMDAwMDAwLCJkZWxldGUiOjU0MDAwMDAwMDAwMDAsInJlYWQiOjMwMDAwMDAwMDAwMCwidXBkYXRlIjo1NDAwMDAwMDAwMDAwfX0="
        }
      ]
    },
    {
      "mode": "managed",
      "type": "azurerm_subnet",
      "name": "app",
      "provider": "provider[\"registry.terraform.io/hashicorp/azurerm\"]",
      "instances": [
        {
          "schema_version": 0,
          "attributes": {
            "address_prefixes": [
              "10.0.2.0/24"
            ],
            "delegation": [],
            "enforce_private_link_endpoint_network_policies": false,
            "enforce_private_link_service_network_policies": false,
            "id": "/subscriptions/ba1de758-270b-45d0-a627-cd05e94ef39f/resourceGroups/rg-bookreview-prod/providers/Microsoft.Network/virtualNetworks/vnet-bookreview-prod/subnets/snet-app",
            "name": "snet-app",
            "private_endpoint_network_policies_enabled": true,
            "private_link_service_network_policies_enabled": true,
            "resource_group_name": "rg-bookreview-prod",
            "service_endpoint_policy_ids": null,
            "service_endpoints": null,
            "timeouts": null,
            "virtual_network_name": "vnet-bookreview-prod"
          },
          "sensitive_attributes": [],
          "identity_schema_version": 0,
          "private": "eyJlMmJmYjczMC1lY2FhLTExZTYtOGY4OC0zNDM2M2JjN2M0YzAiOnsiY3JlYXRlIjoxODAwMDAwMDAwMDAwLCJkZWxldGUiOjE4MDAwMDAwMDAwMDAsInJlYWQiOjMwMDAwMDAwMDAwMCwidXBkYXRlIjoxODAwMDAwMDAwMDAwfX0=",
          "dependencies": [
            "azurerm_resource_group.rg",
            "azurerm_virtual_network.vnet"
          ]
        }
      ]
    },
    {
      "mode": "managed",
      "type": "azurerm_subnet",
      "name": "appgw",
      "provider": "provider[\"registry.terraform.io/hashicorp/azurerm\"]",
      "instances": [
        {
          "schema_version": 0,
          "attributes": {
            "address_prefixes": [
              "10.0.0.0/24"
            ],
            "delegation": [],
            "enforce_private_link_endpoint_network_policies": false,
            "enforce_private_link_service_network_policies": false,
            "id": "/subscriptions/ba1de758-270b-45d0-a627-cd05e94ef39f/resourceGroups/rg-bookreview-prod/providers/Microsoft.Network/virtualNetworks/vnet-bookreview-prod/subnets/snet-appgw",
            "name": "snet-appgw",
            "private_endpoint_network_policies_enabled": true,
            "private_link_service_network_policies_enabled": true,
            "resource_group_name": "rg-bookreview-prod",
            "service_endpoint_policy_ids": null,
            "service_endpoints": null,
            "timeouts": null,
            "virtual_network_name": "vnet-bookreview-prod"
          },
          "sensitive_attributes": [],
          "identity_schema_version": 0,
          "private": "eyJlMmJmYjczMC1lY2FhLTExZTYtOGY4OC0zNDM2M2JjN2M0YzAiOnsiY3JlYXRlIjoxODAwMDAwMDAwMDAwLCJkZWxldGUiOjE4MDAwMDAwMDAwMDAsInJlYWQiOjMwMDAwMDAwMDAwMCwidXBkYXRlIjoxODAwMDAwMDAwMDAwfX0=",
          "dependencies": [
            "azurerm_resource_group.rg",
            "azurerm_virtual_network.vnet"
          ]
        }
      ]
    },
    {
      "mode": "managed",
      "type": "azurerm_subnet",
      "name": "db",
      "provider": "provider[\"registry.terraform.io/hashicorp/azurerm\"]",
      "instances": [
        {
          "schema_version": 0,
          "attributes": {
            "address_prefixes": [
              "10.0.3.0/24"
            ],
            "delegation": [
              {
                "name": "fs-delegation",
                "service_delegation": [
                  {
                    "actions": [
                      "Microsoft.Network/virtualNetworks/subnets/join/action"
                    ],
                    "name": "Microsoft.DBforPostgreSQL/flexibleServers"
                  }
                ]
              }
            ],
            "enforce_private_link_endpoint_network_policies": false,
            "enforce_private_link_service_network_policies": false,
            "id": "/subscriptions/ba1de758-270b-45d0-a627-cd05e94ef39f/resourceGroups/rg-bookreview-prod/providers/Microsoft.Network/virtualNetworks/vnet-bookreview-prod/subnets/snet-db",
            "name": "snet-db",
            "private_endpoint_network_policies_enabled": true,
            "private_link_service_network_policies_enabled": true,
            "resource_group_name": "rg-bookreview-prod",
            "service_endpoint_policy_ids": null,
            "service_endpoints": null,
            "timeouts": null,
            "virtual_network_name": "vnet-bookreview-prod"
          },
          "sensitive_attributes": [],
          "identity_schema_version": 0,
          "private": "eyJlMmJmYjczMC1lY2FhLTExZTYtOGY4OC0zNDM2M2JjN2M0YzAiOnsiY3JlYXRlIjoxODAwMDAwMDAwMDAwLCJkZWxldGUiOjE4MDAwMDAwMDAwMDAsInJlYWQiOjMwMDAwMDAwMDAwMCwidXBkYXRlIjoxODAwMDAwMDAwMDAwfX0=",
          "dependencies": [
            "azurerm_resource_group.rg",
            "azurerm_virtual_network.vnet"
          ]
        }
      ]
    },
    {
      "mode": "managed",
      "type": "azurerm_subnet",
      "name": "web",
      "provider": "provider[\"registry.terraform.io/hashicorp/azurerm\"]",
      "instances": [
        {
          "schema_version": 0,
          "attributes": {
            "address_prefixes": [
              "10.0.1.0/24"
            ],
            "delegation": [],
            "enforce_private_link_endpoint_network_policies": false,
            "enforce_private_link_service_network_policies": false,
            "id": "/subscriptions/ba1de758-270b-45d0-a627-cd05e94ef39f/resourceGroups/rg-bookreview-prod/providers/Microsoft.Network/virtualNetworks/vnet-bookreview-prod/subnets/snet-web",
            "name": "snet-web",
            "private_endpoint_network_policies_enabled": true,
            "private_link_service_network_policies_enabled": true,
            "resource_group_name": "rg-bookreview-prod",
            "service_endpoint_policy_ids": null,
            "service_endpoints": null,
            "timeouts": null,
            "virtual_network_name": "vnet-bookreview-prod"
          },
          "sensitive_attributes": [],
          "identity_schema_version": 0,
          "private": "eyJlMmJmYjczMC1lY2FhLTExZTYtOGY4OC0zNDM2M2JjN2M0YzAiOnsiY3JlYXRlIjoxODAwMDAwMDAwMDAwLCJkZWxldGUiOjE4MDAwMDAwMDAwMDAsInJlYWQiOjMwMDAwMDAwMDAwMCwidXBkYXRlIjoxODAwMDAwMDAwMDAwfX0=",
          "dependencies": [
            "azurerm_resource_group.rg",
            "azurerm_virtual_network.vnet"
          ]
        }
      ]
    },
    {
      "mode": "managed",
      "type": "azurerm_subnet_network_security_group_association",
      "name": "app_assoc",
      "provider": "provider[\"registry.terraform.io/hashicorp/azurerm\"]",
      "instances": [
        {
          "schema_version": 0,
          "attributes": {
            "id": "/subscriptions/ba1de758-270b-45d0-a627-cd05e94ef39f/resourceGroups/rg-bookreview-prod/providers/Microsoft.Network/virtualNetworks/vnet-bookreview-prod/subnets/snet-app",
            "network_security_group_id": "/subscriptions/ba1de758-270b-45d0-a627-cd05e94ef39f/resourceGroups/rg-bookreview-prod/providers/Microsoft.Network/networkSecurityGroups/nsg-app",
            "subnet_id": "/subscriptions/ba1de758-270b-45d0-a627-cd05e94ef39f/resourceGroups/rg-bookreview-prod/providers/Microsoft.Network/virtualNetworks/vnet-bookreview-prod/subnets/snet-app",
            "timeouts": null
          },
          "sensitive_attributes": [],
          "identity_schema_version": 0,
          "private": "eyJlMmJmYjczMC1lY2FhLTExZTYtOGY4OC0zNDM2M2JjN2M0YzAiOnsiY3JlYXRlIjoxODAwMDAwMDAwMDAwLCJkZWxldGUiOjE4MDAwMDAwMDAwMDAsInJlYWQiOjMwMDAwMDAwMDAwMH19",
          "dependencies": [
            "azurerm_network_security_group.nsg_app",
            "azurerm_resource_group.rg",
            "azurerm_subnet.app",
            "azurerm_virtual_network.vnet"
          ]
        }
      ]
    },
    {
      "mode": "managed",
      "type": "azurerm_subnet_network_security_group_association",
      "name": "web_assoc",
      "provider": "provider[\"registry.terraform.io/hashicorp/azurerm\"]",
      "instances": [
        {
          "schema_version": 0,
          "attributes": {
            "id": "/subscriptions/ba1de758-270b-45d0-a627-cd05e94ef39f/resourceGroups/rg-bookreview-prod/providers/Microsoft.Network/virtualNetworks/vnet-bookreview-prod/subnets/snet-web",
            "network_security_group_id": "/subscriptions/ba1de758-270b-45d0-a627-cd05e94ef39f/resourceGroups/rg-bookreview-prod/providers/Microsoft.Network/networkSecurityGroups/nsg-web",
            "subnet_id": "/subscriptions/ba1de758-270b-45d0-a627-cd05e94ef39f/resourceGroups/rg-bookreview-prod/providers/Microsoft.Network/virtualNetworks/vnet-bookreview-prod/subnets/snet-web",
            "timeouts": null
          },
          "sensitive_attributes": [],
          "identity_schema_version": 0,
          "private": "eyJlMmJmYjczMC1lY2FhLTExZTYtOGY4OC0zNDM2M2JjN2M0YzAiOnsiY3JlYXRlIjoxODAwMDAwMDAwMDAwLCJkZWxldGUiOjE4MDAwMDAwMDAwMDAsInJlYWQiOjMwMDAwMDAwMDAwMH19",
          "dependencies": [
            "azurerm_network_security_group.nsg_web",
            "azurerm_resource_group.rg",
            "azurerm_subnet.web",
            "azurerm_virtual_network.vnet"
          ]
        }
      ]
    },
    {
      "mode": "managed",
      "type": "azurerm_virtual_network",
      "name": "vnet",
      "provider": "provider[\"registry.terraform.io/hashicorp/azurerm\"]",
      "instances": [
        {
          "schema_version": 0,
          "attributes": {
            "address_space": [
              "10.0.0.0/16"
            ],
            "bgp_community": "",
            "ddos_protection_plan": [],
            "dns_servers": [],
            "edge_zone": "",
            "encryption": [],
            "flow_timeout_in_minutes": 0,
            "guid": "efbabe8b-39f7-4cba-9bf3-d5452167aa2f",
            "id": "/subscriptions/ba1de758-270b-45d0-a627-cd05e94ef39f/resourceGroups/rg-bookreview-prod/providers/Microsoft.Network/virtualNetworks/vnet-bookreview-prod",
            "location": "southindia",
            "name": "vnet-bookreview-prod",
            "resource_group_name": "rg-bookreview-prod",
            "subnet": [],
            "tags": null,
            "timeouts": null
          },
          "sensitive_attributes": [],
          "identity_schema_version": 0,
          "private": "eyJlMmJmYjczMC1lY2FhLTExZTYtOGY4OC0zNDM2M2JjN2M0YzAiOnsiY3JlYXRlIjoxODAwMDAwMDAwMDAwLCJkZWxldGUiOjE4MDAwMDAwMDAwMDAsInJlYWQiOjMwMDAwMDAwMDAwMCwidXBkYXRlIjoxODAwMDAwMDAwMDAwfX0=",
          "dependencies": [
            "azurerm_resource_group.rg"
          ]
        }
      ]
    },
    {
      "mode": "managed",
      "type": "random_password",
      "name": "admin_password",
      "provider": "provider[\"registry.terraform.io/hashicorp/random\"]",
      "instances": [
        {
          "schema_version": 3,
          "attributes": {
            "bcrypt_hash": "$2a$10$qVtL.FCWWCSO54CjQSisfOV0.VexOZA3a6Z39tfjEgEpiEBrfg2yW",
            "id": "none",
            "keepers": null,
            "length": 16,
            "lower": true,
            "min_lower": 0,
            "min_numeric": 0,
            "min_special": 0,
            "min_upper": 0,
            "number": true,
            "numeric": true,
            "override_special": "!#$%\u0026*()-_=+[]{}\u003c\u003e:?",
            "result": "s3HZVKn:EauhM}7j",
            "special": true,
            "upper": true
          },
          "sensitive_attributes": [
            [
              {
                "type": "get_attr",
                "value": "bcrypt_hash"
              }
            ],
            [
              {
                "type": "get_attr",
                "value": "result"
              }
            ]
          ],
          "identity_schema_version": 0
        }
      ]
    }
  ],
  "check_results": null
}
